
Microsoft Visual Studio Solution File, Format Version 9.00
# Visual Studio 2005
Project("{8BC9CEB8-8B4A-11D0-8D11-00A0C91BC942}") = "WpsRead", "WpsRead.vcproj", "{9F9E8DAD-0297-45EA-B1EC-88598B0B8E65}"
EndProject
Global
	GlobalSection(SolutionConfigurationPlatforms) = preSolution
		Debug|Win32 = Debug|Win32
		Release|Win32 = Release|Win32
	EndGlobalSection
	GlobalSection(ProjectConfigurationPlatforms) = postSolution
		{9F9E8DAD-0297-45EA-B1EC-88598B0B8E65}.Debug|Win32.ActiveCfg = Debug|Win32
		{9F9E8DAD-0297-45EA-B1EC-88598B0B8E65}.Debug|Win32.Build.0 = Debug|Win32
		{9F9E8DAD-0297-45EA-B1EC-88598B0B8E65}.Release|Win32.ActiveCfg = Release|Win32
		{9F9E8DAD-0297-45EA-B1EC-88598B0B8E65}.Release|Win32.Build.0 = Release|Win32
	EndGlobalSection
	GlobalSection(SolutionProperties) = preSolution
		HideSolutionNode = FALSE
	EndGlobalSection
EndGlobal
