<?xml version="1.0" encoding="utf-8"?>
<Project ToolsVersion="4.0" xmlns="http://schemas.microsoft.com/developer/msbuild/2003">
  <ItemGroup>
    <Filter Include="Core">
      <UniqueIdentifier>{8f7717a6-b03e-4c39-b240-ced6cf68469e}</UniqueIdentifier>
    </Filter>
    <Filter Include="Core\Blackboard">
      <UniqueIdentifier>{5b1bec30-e778-436f-93ec-d7fe23a5ac13}</UniqueIdentifier>
    </Filter>
    <Filter Include="Core\EventReciever">
      <UniqueIdentifier>{57890cca-7c59-4b16-aa4d-c2fde6eb817b}</UniqueIdentifier>
    </Filter>
    <Filter Include="Core\Goals">
      <UniqueIdentifier>{b0390462-5153-400b-9dbc-0d09db2eb902}</UniqueIdentifier>
    </Filter>
    <Filter Include="Core\MapGoals">
      <UniqueIdentifier>{13125428-c71a-4cf7-a2df-761139c813da}</UniqueIdentifier>
    </Filter>
    <Filter Include="Core\Messages">
      <UniqueIdentifier>{0a8b3f4b-15eb-4d14-af9b-5f12f5b86009}</UniqueIdentifier>
    </Filter>
    <Filter Include="Core\Navigation">
      <UniqueIdentifier>{a37ea2d9-8da0-4dc6-a2e9-b15a4acd684a}</UniqueIdentifier>
    </Filter>
    <Filter Include="Core\Navigation\PathPlannerWaypoint">
      <UniqueIdentifier>{de9b9d42-bb78-4b36-afbb-fc0ded6cb480}</UniqueIdentifier>
    </Filter>
    <Filter Include="Core\Navigation\PathPlannerNavMesh">
      <UniqueIdentifier>{cdcb2388-dbbb-4e0b-81d6-4981f5e0c189}</UniqueIdentifier>
    </Filter>
    <Filter Include="Core\Navigation\PathPlannerFloodFill">
      <UniqueIdentifier>{fb07009c-6868-4ed9-8803-a9c3239512b1}</UniqueIdentifier>
    </Filter>
    <Filter Include="Core\Navigation\PathPlannerRecast">
      <UniqueIdentifier>{7a41cc71-e2e2-4385-b080-cef98ff36387}</UniqueIdentifier>
    </Filter>
    <Filter Include="Core\Scripting">
      <UniqueIdentifier>{e9c89e9c-4b71-4d9a-98f5-e3b1bc08b5b8}</UniqueIdentifier>
    </Filter>
    <Filter Include="Core\States">
      <UniqueIdentifier>{a28d411d-367e-4101-a62d-9d39cdf0477d}</UniqueIdentifier>
    </Filter>
    <Filter Include="Core\States\States">
      <UniqueIdentifier>{39e97190-df97-4394-b399-f2e768d53684}</UniqueIdentifier>
    </Filter>
    <Filter Include="Core\States\States\SensoryFilters">
      <UniqueIdentifier>{89a9f818-c0ff-4af6-880a-7931c1e51836}</UniqueIdentifier>
    </Filter>
    <Filter Include="Core\States\Global">
      <UniqueIdentifier>{fc1e172e-d58e-4852-bbc1-a00f790e8c03}</UniqueIdentifier>
    </Filter>
    <Filter Include="Core\Weapons">
      <UniqueIdentifier>{a4bf584d-ba14-4ac7-aade-a5e0dab1a320}</UniqueIdentifier>
    </Filter>
    <Filter Include="Core\Tools">
      <UniqueIdentifier>{46e8ac85-f8b0-4666-8a14-23a40a17404e}</UniqueIdentifier>
    </Filter>
    <Filter Include="3rdParty">
      <UniqueIdentifier>{c88d6c03-4d27-42a4-8d36-66e3ef94bdf2}</UniqueIdentifier>
    </Filter>
    <Filter Include="3rdParty\physfs">
      <UniqueIdentifier>{b135ac64-12db-47fe-b97c-f4e787d345df}</UniqueIdentifier>
    </Filter>
    <Filter Include="3rdParty\physfs\archivers">
      <UniqueIdentifier>{a4a2cea5-ced8-49b4-a245-d482244a9894}</UniqueIdentifier>
    </Filter>
    <Filter Include="3rdParty\physfs\lzma">
      <UniqueIdentifier>{66746b32-622d-4119-b1ae-dc5606e11c3b}</UniqueIdentifier>
    </Filter>
    <Filter Include="3rdParty\physfs\lzma\Archive">
      <UniqueIdentifier>{4cd6d35a-3eaa-413a-b157-a93207d5876e}</UniqueIdentifier>
    </Filter>
    <Filter Include="3rdParty\physfs\lzma\Compress">
      <UniqueIdentifier>{1f2cce04-92ce-49f7-a050-57b9f352286a}</UniqueIdentifier>
    </Filter>
    <Filter Include="3rdParty\physfs\lzma\Compress\Branch">
      <UniqueIdentifier>{6d8413e1-183e-4ceb-8175-801c9bda6da6}</UniqueIdentifier>
    </Filter>
    <Filter Include="3rdParty\physfs\lzma\Compress\Lzma">
      <UniqueIdentifier>{4d5441e9-cfe0-47aa-9182-391838f0226e}</UniqueIdentifier>
    </Filter>
    <Filter Include="3rdParty\physfs\platform">
      <UniqueIdentifier>{bf3b75cb-6563-44e6-8962-d643f11e596c}</UniqueIdentifier>
    </Filter>
    <Filter Include="3rdParty\physfs\zlib123">
      <UniqueIdentifier>{d6e6f631-d9da-4357-bfa4-43fcd3203e5d}</UniqueIdentifier>
    </Filter>
    <Filter Include="3rdParty\iprof">
      <UniqueIdentifier>{6422aa7a-bc29-411a-ae13-74792666b2ec}</UniqueIdentifier>
    </Filter>
    <Filter Include="3rdParty\Recast">
      <UniqueIdentifier>{73c805af-51f3-4da7-bb52-7bbd3f9a8087}</UniqueIdentifier>
    </Filter>
    <Filter Include="3rdParty\Recast\Recast">
      <UniqueIdentifier>{7d576b4a-0e57-4584-8768-e757012615aa}</UniqueIdentifier>
    </Filter>
    <Filter Include="3rdParty\Recast\Detour">
      <UniqueIdentifier>{48ebf52d-14f8-42ce-a96b-caee03229304}</UniqueIdentifier>
    </Filter>
    <Filter Include="3rdParty\Recast\DebugUtils">
      <UniqueIdentifier>{5446d01a-88c7-4c9d-b209-9e5e917bd139}</UniqueIdentifier>
    </Filter>
    <Filter Include="Miscellaneous">
      <UniqueIdentifier>{a306b4d7-8a57-480e-8632-1435af31257d}</UniqueIdentifier>
    </Filter>
    <Filter Include="Dll">
      <UniqueIdentifier>{93b3626c-940a-477d-a1e8-f2bceb73fccb}</UniqueIdentifier>
    </Filter>
    <Filter Include="RemoteDebug">
      <UniqueIdentifier>{13065e1d-94ef-4870-80e5-0200fd2708ba}</UniqueIdentifier>
    </Filter>
    <Filter Include="Core\RemoteDebugger">
      <UniqueIdentifier>{059725f0-d21f-4d4c-8058-8469057dfc06}</UniqueIdentifier>
    </Filter>
    <Filter Include="Core\Concurrency">
      <UniqueIdentifier>{eaeb32c9-c4ff-41b9-9fe7-361fe59b762b}</UniqueIdentifier>
    </Filter>
    <Filter Include="3rdParty\md5">
      <UniqueIdentifier>{6fd34520-6f75-4c3b-a332-d04d5a1fc2dc}</UniqueIdentifier>
    </Filter>
    <Filter Include="3rdParty\sqlite">
      <UniqueIdentifier>{52bc99a7-2e85-4c9f-a7b8-6cb85a225660}</UniqueIdentifier>
    </Filter>
    <Filter Include="3rdParty\Recast\DetourCrowd">
      <UniqueIdentifier>{26e16db7-17f2-4bd0-a1f3-68f690ef8403}</UniqueIdentifier>
    </Filter>
    <Filter Include="3rdParty\Recast\DetourTileCache">
      <UniqueIdentifier>{09cb84cd-7592-4b55-bbaa-6552e50d0d3b}</UniqueIdentifier>
    </Filter>
    <Filter Include="3rdParty\Recast\fastlz">
      <UniqueIdentifier>{85bfc9de-fc22-42f4-a8d1-cfb46ad328a2}</UniqueIdentifier>
    </Filter>
  </ItemGroup>
  <ItemGroup>
    <ClCompile Include="..\..\..\Common\Client.cpp">
      <Filter>Core</Filter>
    </ClCompile>
    <ClCompile Include="..\..\..\Common\IGame.cpp">
      <Filter>Core</Filter>
    </ClCompile>
    <ClCompile Include="..\..\..\Common\IGameManager.cpp">
      <Filter>Core</Filter>
    </ClCompile>
    <ClCompile Include="..\..\..\Common\BlackBoard.cpp">
      <Filter>Core\Blackboard</Filter>
    </ClCompile>
    <ClCompile Include="..\..\..\Common\BlackBoardItems.cpp">
      <Filter>Core\Blackboard</Filter>
    </ClCompile>
    <ClCompile Include="..\..\..\Common\EventReciever.cpp">
      <Filter>Core\EventReciever</Filter>
    </ClCompile>
    <ClCompile Include="..\..\..\Common\GoalManager.cpp">
      <Filter>Core\Goals</Filter>
    </ClCompile>
    <ClCompile Include="..\..\..\Common\MapGoal.cpp">
      <Filter>Core\MapGoals</Filter>
    </ClCompile>
    <ClCompile Include="..\..\..\Common\MapGoalDatabase.cpp">
      <Filter>Core\MapGoals</Filter>
    </ClCompile>
    <ClCompile Include="..\..\..\Common\Path.cpp">
      <Filter>Core\Navigation</Filter>
    </ClCompile>
    <ClCompile Include="..\..\..\Common\PathPlannerBase.cpp">
      <Filter>Core\Navigation</Filter>
    </ClCompile>
    <ClCompile Include="..\..\..\Common\PathQuery.cpp">
      <Filter>Core\Navigation</Filter>
    </ClCompile>
    <ClCompile Include="..\..\..\Common\ThreatZone.cpp">
      <Filter>Core\Navigation</Filter>
    </ClCompile>
    <ClCompile Include="..\..\..\Common\PathPlannerWaypoint.cpp">
      <Filter>Core\Navigation\PathPlannerWaypoint</Filter>
    </ClCompile>
    <ClCompile Include="..\..\..\Common\PathPlannerWaypointCmds.cpp">
      <Filter>Core\Navigation\PathPlannerWaypoint</Filter>
    </ClCompile>
    <ClCompile Include="..\..\..\Common\PathPlannerWaypointScript.cpp">
      <Filter>Core\Navigation\PathPlannerWaypoint</Filter>
    </ClCompile>
    <ClCompile Include="..\..\..\Common\Waypoint.cpp">
      <Filter>Core\Navigation\PathPlannerWaypoint</Filter>
    </ClCompile>
    <ClCompile Include="..\..\..\Common\WaypointSerializer_V1.cpp">
      <Filter>Core\Navigation\PathPlannerWaypoint</Filter>
    </ClCompile>
    <ClCompile Include="..\..\..\Common\WaypointSerializer_V2.cpp">
      <Filter>Core\Navigation\PathPlannerWaypoint</Filter>
    </ClCompile>
    <ClCompile Include="..\..\..\Common\WaypointSerializer_V3.cpp">
      <Filter>Core\Navigation\PathPlannerWaypoint</Filter>
    </ClCompile>
    <ClCompile Include="..\..\..\Common\WaypointSerializer_V4.cpp">
      <Filter>Core\Navigation\PathPlannerWaypoint</Filter>
    </ClCompile>
    <ClCompile Include="..\..\..\Common\WaypointSerializer_V5.cpp">
      <Filter>Core\Navigation\PathPlannerWaypoint</Filter>
    </ClCompile>
    <ClCompile Include="..\..\..\Common\WaypointSerializer_V6.cpp">
      <Filter>Core\Navigation\PathPlannerWaypoint</Filter>
    </ClCompile>
    <ClCompile Include="..\..\..\Common\WaypointSerializer_V7.cpp">
      <Filter>Core\Navigation\PathPlannerWaypoint</Filter>
    </ClCompile>
    <ClCompile Include="..\..\..\Common\WaypointSerializerImp.cpp">
      <Filter>Core\Navigation\PathPlannerWaypoint</Filter>
    </ClCompile>
    <ClCompile Include="..\..\..\Common\PathPlannerNavMesh.cpp">
      <Filter>Core\Navigation\PathPlannerNavMesh</Filter>
    </ClCompile>
    <ClCompile Include="..\..\..\Common\PathPlannerNavMeshCmds.cpp">
      <Filter>Core\Navigation\PathPlannerNavMesh</Filter>
    </ClCompile>
    <ClCompile Include="..\..\..\Common\PathPlannerFloodFill.cpp">
      <Filter>Core\Navigation\PathPlannerFloodFill</Filter>
    </ClCompile>
    <ClCompile Include="..\..\..\Common\PathPlannerFloodFillBuilder.cpp">
      <Filter>Core\Navigation\PathPlannerFloodFill</Filter>
    </ClCompile>
    <ClCompile Include="..\..\..\Common\PathPlannerFloodFillCmds.cpp">
      <Filter>Core\Navigation\PathPlannerFloodFill</Filter>
    </ClCompile>
    <ClCompile Include="..\..\..\Common\PathPlannerRecast.cpp">
      <Filter>Core\Navigation\PathPlannerRecast</Filter>
    </ClCompile>
    <ClCompile Include="..\..\..\Common\PathPlannerRecastCmds.cpp">
      <Filter>Core\Navigation\PathPlannerRecast</Filter>
    </ClCompile>
    <ClCompile Include="..\..\..\Common\gmAABB.cpp">
      <Filter>Core\Scripting</Filter>
    </ClCompile>
    <ClCompile Include="..\..\..\Common\gmBot.cpp">
      <Filter>Core\Scripting</Filter>
    </ClCompile>
    <ClCompile Include="..\..\..\Common\gmBotLibrary.cpp">
      <Filter>Core\Scripting</Filter>
    </ClCompile>
    <ClCompile Include="..\..\..\Common\gmGameEntity.cpp">
      <Filter>Core\Scripting</Filter>
    </ClCompile>
    <ClCompile Include="..\..\..\Common\gmMathLibrary.cpp">
      <Filter>Core\Scripting</Filter>
    </ClCompile>
    <ClCompile Include="..\..\..\Common\gmMatrix3.cpp">
      <Filter>Core\Scripting</Filter>
    </ClCompile>
    <ClCompile Include="..\..\..\Common\gmNamesList.cpp">
      <Filter>Core\Scripting</Filter>
    </ClCompile>
    <ClCompile Include="..\..\..\Common\gmScriptGoal.cpp">
      <Filter>Core\Scripting</Filter>
    </ClCompile>
    <ClCompile Include="..\..\..\Common\gmSystemLibApp.cpp">
      <Filter>Core\Scripting</Filter>
    </ClCompile>
    <ClCompile Include="..\..\..\Common\gmTargetInfo.cpp">
      <Filter>Core\Scripting</Filter>
    </ClCompile>
    <ClCompile Include="..\..\..\Common\gmTimer.cpp">
      <Filter>Core\Scripting</Filter>
    </ClCompile>
    <ClCompile Include="..\..\..\Common\gmTriggerInfo.cpp">
      <Filter>Core\Scripting</Filter>
    </ClCompile>
    <ClCompile Include="..\..\..\Common\gmUtilityLib.cpp">
      <Filter>Core\Scripting</Filter>
    </ClCompile>
    <ClCompile Include="..\..\..\Common\gmWeapon.cpp">
      <Filter>Core\Scripting</Filter>
    </ClCompile>
    <ClCompile Include="..\..\..\Common\ScriptManager.cpp">
      <Filter>Core\Scripting</Filter>
    </ClCompile>
    <ClCompile Include="..\..\..\Common\StateMachine.cpp">
      <Filter>Core\States</Filter>
    </ClCompile>
    <ClCompile Include="..\..\..\Common\BotBaseStates.cpp">
      <Filter>Core\States\States</Filter>
    </ClCompile>
    <ClCompile Include="..\..\..\Common\BotBaseStates_GM.cpp">
      <Filter>Core\States\States</Filter>
    </ClCompile>
    <ClCompile Include="..\..\..\Common\BotSensoryMemory.cpp">
      <Filter>Core\States\States</Filter>
    </ClCompile>
    <ClCompile Include="..\..\..\Common\BotSteeringSystem.cpp">
      <Filter>Core\States\States</Filter>
    </ClCompile>
    <ClCompile Include="..\..\..\Common\BotTargetingSystem.cpp">
      <Filter>Core\States\States</Filter>
    </ClCompile>
    <ClCompile Include="..\..\..\Common\BotWeaponSystem.cpp">
      <Filter>Core\States\States</Filter>
    </ClCompile>
    <ClCompile Include="..\..\..\Common\MemoryRecord.cpp">
      <Filter>Core\States\States</Filter>
    </ClCompile>
    <ClCompile Include="..\..\..\Common\ScriptGoal.cpp">
      <Filter>Core\States\States</Filter>
    </ClCompile>
    <ClCompile Include="..\..\..\Common\TargetInfo.cpp">
      <Filter>Core\States\States</Filter>
    </ClCompile>
    <ClCompile Include="..\..\..\Common\FilterAllType.cpp">
      <Filter>Core\States\States\SensoryFilters</Filter>
    </ClCompile>
    <ClCompile Include="..\..\..\Common\FilterBias.cpp">
      <Filter>Core\States\States\SensoryFilters</Filter>
    </ClCompile>
    <ClCompile Include="..\..\..\Common\FilterClosest.cpp">
      <Filter>Core\States\States\SensoryFilters</Filter>
    </ClCompile>
    <ClCompile Include="..\..\..\Common\FilterMostHurt.cpp">
      <Filter>Core\States\States\SensoryFilters</Filter>
    </ClCompile>
    <ClCompile Include="..\..\..\Common\FilterSensory.cpp">
      <Filter>Core\States\States\SensoryFilters</Filter>
    </ClCompile>
    <ClCompile Include="..\..\..\Common\BotGlobalStates.cpp">
      <Filter>Core\States\Global</Filter>
    </ClCompile>
    <ClCompile Include="..\..\..\Common\Weapon.cpp">
      <Filter>Core\Weapons</Filter>
    </ClCompile>
    <ClCompile Include="..\..\..\Common\WeaponDatabase.cpp">
      <Filter>Core\Weapons</Filter>
    </ClCompile>
    <ClCompile Include="..\..\..\dependencies\physfs\physfs.c">
      <Filter>3rdParty\physfs</Filter>
    </ClCompile>
    <ClCompile Include="..\..\..\dependencies\physfs\physfs_byteorder.c">
      <Filter>3rdParty\physfs</Filter>
    </ClCompile>
    <ClCompile Include="..\..\..\dependencies\physfs\physfs_unicode.c">
      <Filter>3rdParty\physfs</Filter>
    </ClCompile>
    <ClCompile Include="..\..\..\dependencies\physfs\archivers\dir.c">
      <Filter>3rdParty\physfs\archivers</Filter>
    </ClCompile>
    <ClCompile Include="..\..\..\dependencies\physfs\archivers\lzma.c">
      <Filter>3rdParty\physfs\archivers</Filter>
    </ClCompile>
    <ClCompile Include="..\..\..\dependencies\physfs\archivers\zip.c">
      <Filter>3rdParty\physfs\archivers</Filter>
    </ClCompile>
    <ClCompile Include="..\..\..\dependencies\physfs\lzma\C\7zCrc.c">
      <Filter>3rdParty\physfs\lzma</Filter>
    </ClCompile>
    <ClCompile Include="..\..\..\dependencies\physfs\lzma\C\7zCrcT8.c">
      <Filter>3rdParty\physfs\lzma</Filter>
    </ClCompile>
    <ClCompile Include="..\..\..\dependencies\physfs\lzma\C\Alloc.c">
      <Filter>3rdParty\physfs\lzma</Filter>
    </ClCompile>
    <ClCompile Include="..\..\..\dependencies\physfs\lzma\C\Sort.c">
      <Filter>3rdParty\physfs\lzma</Filter>
    </ClCompile>
    <ClCompile Include="..\..\..\dependencies\physfs\lzma\C\Threads.c">
      <Filter>3rdParty\physfs\lzma</Filter>
    </ClCompile>
    <ClCompile Include="..\..\..\dependencies\physfs\lzma\C\Archive\7z\7zAlloc.c">
      <Filter>3rdParty\physfs\lzma\Archive</Filter>
    </ClCompile>
    <ClCompile Include="..\..\..\dependencies\physfs\lzma\C\Archive\7z\7zBuffer.c">
      <Filter>3rdParty\physfs\lzma\Archive</Filter>
    </ClCompile>
    <ClCompile Include="..\..\..\dependencies\physfs\lzma\C\Archive\7z\7zDecode.c">
      <Filter>3rdParty\physfs\lzma\Archive</Filter>
    </ClCompile>
    <ClCompile Include="..\..\..\dependencies\physfs\lzma\C\Archive\7z\7zExtract.c">
      <Filter>3rdParty\physfs\lzma\Archive</Filter>
    </ClCompile>
    <ClCompile Include="..\..\..\dependencies\physfs\lzma\C\Archive\7z\7zHeader.c">
      <Filter>3rdParty\physfs\lzma\Archive</Filter>
    </ClCompile>
    <ClCompile Include="..\..\..\dependencies\physfs\lzma\C\Archive\7z\7zIn.c">
      <Filter>3rdParty\physfs\lzma\Archive</Filter>
    </ClCompile>
    <ClCompile Include="..\..\..\dependencies\physfs\lzma\C\Archive\7z\7zItem.c">
      <Filter>3rdParty\physfs\lzma\Archive</Filter>
    </ClCompile>
    <ClCompile Include="..\..\..\dependencies\physfs\lzma\C\Archive\7z\7zMain.c">
      <Filter>3rdParty\physfs\lzma\Archive</Filter>
    </ClCompile>
    <ClCompile Include="..\..\..\dependencies\physfs\lzma\C\Archive\7z\7zMethodID.c">
      <Filter>3rdParty\physfs\lzma\Archive</Filter>
    </ClCompile>
    <ClCompile Include="..\..\..\dependencies\physfs\lzma\C\Compress\Branch\BranchX86.c">
      <Filter>3rdParty\physfs\lzma\Compress\Branch</Filter>
    </ClCompile>
    <ClCompile Include="..\..\..\dependencies\physfs\lzma\C\Compress\Branch\BranchX86_2.c">
      <Filter>3rdParty\physfs\lzma\Compress\Branch</Filter>
    </ClCompile>
    <ClCompile Include="..\..\..\dependencies\physfs\lzma\C\Compress\Lzma\LzmaDecode.c">
      <Filter>3rdParty\physfs\lzma\Compress\Lzma</Filter>
    </ClCompile>
    <ClCompile Include="..\..\..\dependencies\physfs\lzma\C\Compress\Lzma\LzmaDecodeSize.c">
      <Filter>3rdParty\physfs\lzma\Compress\Lzma</Filter>
    </ClCompile>
    <ClCompile Include="..\..\..\dependencies\physfs\lzma\C\Compress\Lzma\LzmaStateDecode.c">
      <Filter>3rdParty\physfs\lzma\Compress\Lzma</Filter>
    </ClCompile>
    <ClCompile Include="..\..\..\dependencies\physfs\lzma\C\Compress\Lzma\LzmaStateTest.c">
      <Filter>3rdParty\physfs\lzma\Compress\Lzma</Filter>
    </ClCompile>
    <ClCompile Include="..\..\..\dependencies\physfs\lzma\C\Compress\Lzma\LzmaTest.c">
      <Filter>3rdParty\physfs\lzma\Compress\Lzma</Filter>
    </ClCompile>
    <ClCompile Include="..\..\..\dependencies\physfs\platform\windows.c">
      <Filter>3rdParty\physfs\platform</Filter>
    </ClCompile>
    <ClCompile Include="..\..\..\dependencies\physfs\zlib123\adler32.c">
      <Filter>3rdParty\physfs\zlib123</Filter>
    </ClCompile>
    <ClCompile Include="..\..\..\dependencies\physfs\zlib123\compress.c">
      <Filter>3rdParty\physfs\zlib123</Filter>
    </ClCompile>
    <ClCompile Include="..\..\..\dependencies\physfs\zlib123\crc32.c">
      <Filter>3rdParty\physfs\zlib123</Filter>
    </ClCompile>
    <ClCompile Include="..\..\..\dependencies\physfs\zlib123\deflate.c">
      <Filter>3rdParty\physfs\zlib123</Filter>
    </ClCompile>
    <ClCompile Include="..\..\..\dependencies\physfs\zlib123\gzio.c">
      <Filter>3rdParty\physfs\zlib123</Filter>
    </ClCompile>
    <ClCompile Include="..\..\..\dependencies\physfs\zlib123\infback.c">
      <Filter>3rdParty\physfs\zlib123</Filter>
    </ClCompile>
    <ClCompile Include="..\..\..\dependencies\physfs\zlib123\inffast.c">
      <Filter>3rdParty\physfs\zlib123</Filter>
    </ClCompile>
    <ClCompile Include="..\..\..\dependencies\physfs\zlib123\inflate.c">
      <Filter>3rdParty\physfs\zlib123</Filter>
    </ClCompile>
    <ClCompile Include="..\..\..\dependencies\physfs\zlib123\inftrees.c">
      <Filter>3rdParty\physfs\zlib123</Filter>
    </ClCompile>
    <ClCompile Include="..\..\..\dependencies\physfs\zlib123\trees.c">
      <Filter>3rdParty\physfs\zlib123</Filter>
    </ClCompile>
    <ClCompile Include="..\..\..\dependencies\physfs\zlib123\uncompr.c">
      <Filter>3rdParty\physfs\zlib123</Filter>
    </ClCompile>
    <ClCompile Include="..\..\..\dependencies\physfs\zlib123\zutil.c">
      <Filter>3rdParty\physfs\zlib123</Filter>
    </ClCompile>
    <ClCompile Include="..\..\..\dependencies\iprof\prof_draw.c">
      <Filter>3rdParty\iprof</Filter>
    </ClCompile>
    <ClCompile Include="..\..\..\dependencies\iprof\prof_gather.c">
      <Filter>3rdParty\iprof</Filter>
    </ClCompile>
    <ClCompile Include="..\..\..\dependencies\iprof\prof_process.c">
      <Filter>3rdParty\iprof</Filter>
    </ClCompile>
    <ClCompile Include="..\..\..\dependencies\iprof\prof_win32.c">
      <Filter>3rdParty\iprof</Filter>
    </ClCompile>
    <ClCompile Include="..\..\..\Common\BotLoadLibrary.cpp">
      <Filter>Miscellaneous</Filter>
    </ClCompile>
    <ClCompile Include="..\..\..\Common\CallbackParameters.cpp">
      <Filter>Miscellaneous</Filter>
    </ClCompile>
    <ClCompile Include="..\..\..\Common\CommandReciever.cpp">
      <Filter>Miscellaneous</Filter>
    </ClCompile>
    <ClCompile Include="..\..\..\Common\Criteria.cpp">
      <Filter>Miscellaneous</Filter>
    </ClCompile>
    <ClCompile Include="..\..\..\Common\EngineFuncs.cpp">
      <Filter>Miscellaneous</Filter>
    </ClCompile>
    <ClCompile Include="..\..\..\Common\FileDownloader.cpp">
      <Filter>Miscellaneous</Filter>
    </ClCompile>
    <ClCompile Include="..\..\..\Common\FileSystem.cpp">
      <Filter>Miscellaneous</Filter>
    </ClCompile>
    <ClCompile Include="..\..\..\Common\InterfaceFuncs.cpp">
      <Filter>Miscellaneous</Filter>
    </ClCompile>
    <ClCompile Include="..\..\..\Common\KeyValueIni.cpp">
      <Filter>Miscellaneous</Filter>
    </ClCompile>
    <ClCompile Include="..\..\..\Common\Logger.cpp">
      <Filter>Miscellaneous</Filter>
    </ClCompile>
    <ClCompile Include="..\..\..\Common\mdump.cpp">
      <Filter>Miscellaneous</Filter>
    </ClCompile>
    <ClCompile Include="..\..\..\Common\NameManager.cpp">
      <Filter>Miscellaneous</Filter>
    </ClCompile>
    <ClCompile Include="..\..\..\Common\PropertyBinding.cpp">
      <Filter>Miscellaneous</Filter>
    </ClCompile>
    <ClCompile Include="..\..\..\Common\Regulator.cpp">
      <Filter>Miscellaneous</Filter>
    </ClCompile>
    <ClCompile Include="..\..\..\Common\Revision.cpp">
      <Filter>Miscellaneous</Filter>
    </ClCompile>
    <ClCompile Include="..\..\..\Common\Timer.cpp">
      <Filter>Miscellaneous</Filter>
    </ClCompile>
    <ClCompile Include="..\..\..\Common\Trackable.cpp">
      <Filter>Miscellaneous</Filter>
    </ClCompile>
    <ClCompile Include="..\..\..\Common\Trajectory.cpp">
      <Filter>Miscellaneous</Filter>
    </ClCompile>
    <ClCompile Include="..\..\..\Common\TriggerManager.cpp">
      <Filter>Miscellaneous</Filter>
    </ClCompile>
    <ClCompile Include="..\..\..\Common\Utilities.cpp">
      <Filter>Miscellaneous</Filter>
    </ClCompile>
    <ClCompile Include="..\..\..\Common\BotExports.cpp">
      <Filter>Dll</Filter>
    </ClCompile>
    <ClCompile Include="..\..\..\Common\Omni-Bot.cpp">
      <Filter>Dll</Filter>
    </ClCompile>
    <ClCompile Include="..\..\..\..\Tools\RemoteDebugWindow\RemoteDebugLib\connection.cpp">
      <Filter>RemoteDebug</Filter>
    </ClCompile>
    <ClCompile Include="..\..\..\..\Tools\RemoteDebugWindow\RemoteDebugLib\dataBuffer.cpp">
      <Filter>RemoteDebug</Filter>
    </ClCompile>
    <ClCompile Include="..\..\..\..\Tools\RemoteDebugWindow\RemoteDebugLib\messageTags.cpp">
      <Filter>RemoteDebug</Filter>
    </ClCompile>
    <ClCompile Include="..\..\..\..\Tools\RemoteDebugWindow\RemoteDebugLib\socket.cpp">
      <Filter>RemoteDebug</Filter>
    </ClCompile>
    <ClCompile Include="..\..\..\..\Tools\RemoteDebugWindow\RemoteDebugLib\systemLib.cpp">
      <Filter>RemoteDebug</Filter>
    </ClCompile>
    <ClCompile Include="..\..\..\Common\RecastInterfaces.cpp">
      <Filter>3rdParty\Recast</Filter>
    </ClCompile>
    <ClCompile Include="..\..\..\Common\FiberManager.cpp">
      <Filter>Core\Scripting</Filter>
    </ClCompile>
    <ClCompile Include="..\..\..\Common\FiberState.cpp">
      <Filter>Core\Scripting</Filter>
    </ClCompile>
    <ClCompile Include="..\..\..\Common\DebugConnection.cpp">
      <Filter>Core\RemoteDebugger</Filter>
    </ClCompile>
    <ClCompile Include="..\..\..\Common\Module.cpp">
      <Filter>Core</Filter>
    </ClCompile>
    <ClCompile Include="..\..\..\Common\TaskManager.cpp">
      <Filter>Core\Concurrency</Filter>
    </ClCompile>
    <ClCompile Include="..\..\..\Common\RenderBuffer.cpp">
      <Filter>Core</Filter>
    </ClCompile>
    <ClCompile Include="..\..\..\Common\System.cpp">
      <Filter>Core</Filter>
    </ClCompile>
    <ClCompile Include="..\..\..\Common\CollisionModel.cpp">
      <Filter>Miscellaneous</Filter>
    </ClCompile>
    <ClCompile Include="..\..\..\Common\BotPathing.cpp">
      <Filter>Core\States\States</Filter>
    </ClCompile>
    <ClCompile Include="..\..\..\Common\PathPlannerNavMeshScript.cpp">
      <Filter>Core\Navigation\PathPlannerNavMesh</Filter>
    </ClCompile>
    <ClCompile Include="..\..\..\Common\PathPlannerNavMeshPathInterface.cpp">
      <Filter>Core\Navigation\PathPlannerNavMesh</Filter>
    </ClCompile>
    <ClCompile Include="..\..\..\dependencies\md5\md5.cpp">
      <Filter>3rdParty\md5</Filter>
    </ClCompile>
    <ClCompile Include="..\..\..\Common\PathPlannerFloodFillPathInterface.cpp">
      <Filter>Core\Navigation\PathPlannerFloodFill</Filter>
    </ClCompile>
    <ClCompile Include="..\..\..\dependencies\sqlite\shell.c">
      <Filter>3rdParty\sqlite</Filter>
    </ClCompile>
    <ClCompile Include="..\..\..\dependencies\sqlite\sqlite3.c">
      <Filter>3rdParty\sqlite</Filter>
    </ClCompile>
    <ClCompile Include="..\..\..\dependencies\Recast\DebugUtils\Source\DebugDraw.cpp">
      <Filter>3rdParty\Recast\DebugUtils</Filter>
    </ClCompile>
    <ClCompile Include="..\..\..\dependencies\Recast\DebugUtils\Source\DetourDebugDraw.cpp">
      <Filter>3rdParty\Recast\DebugUtils</Filter>
    </ClCompile>
    <ClCompile Include="..\..\..\dependencies\Recast\DebugUtils\Source\RecastDebugDraw.cpp">
      <Filter>3rdParty\Recast\DebugUtils</Filter>
    </ClCompile>
    <ClCompile Include="..\..\..\dependencies\Recast\DebugUtils\Source\RecastDump.cpp">
      <Filter>3rdParty\Recast\DebugUtils</Filter>
    </ClCompile>
    <ClCompile Include="..\..\..\dependencies\Recast\Detour\Source\DetourAlloc.cpp">
      <Filter>3rdParty\Recast\Detour</Filter>
    </ClCompile>
    <ClCompile Include="..\..\..\dependencies\Recast\Detour\Source\DetourCommon.cpp">
      <Filter>3rdParty\Recast\Detour</Filter>
    </ClCompile>
    <ClCompile Include="..\..\..\dependencies\Recast\Detour\Source\DetourNavMesh.cpp">
      <Filter>3rdParty\Recast\Detour</Filter>
    </ClCompile>
    <ClCompile Include="..\..\..\dependencies\Recast\Detour\Source\DetourNavMeshBuilder.cpp">
      <Filter>3rdParty\Recast\Detour</Filter>
    </ClCompile>
    <ClCompile Include="..\..\..\dependencies\Recast\Detour\Source\DetourNavMeshQuery.cpp">
      <Filter>3rdParty\Recast\Detour</Filter>
    </ClCompile>
    <ClCompile Include="..\..\..\dependencies\Recast\Detour\Source\DetourNode.cpp">
      <Filter>3rdParty\Recast\Detour</Filter>
    </ClCompile>
    <ClCompile Include="..\..\..\dependencies\Recast\DetourCrowd\Source\DetourObstacleAvoidance.cpp">
      <Filter>3rdParty\Recast\DetourCrowd</Filter>
    </ClCompile>
    <ClCompile Include="..\..\..\dependencies\Recast\DetourCrowd\Source\DetourPathCorridor.cpp">
      <Filter>3rdParty\Recast\DetourCrowd</Filter>
    </ClCompile>
    <ClCompile Include="..\..\..\dependencies\Recast\DetourCrowd\Source\DetourPathQueue.cpp">
      <Filter>3rdParty\Recast\DetourCrowd</Filter>
    </ClCompile>
    <ClCompile Include="..\..\..\dependencies\Recast\DetourCrowd\Source\DetourProximityGrid.cpp">
      <Filter>3rdParty\Recast\DetourCrowd</Filter>
    </ClCompile>
    <ClCompile Include="..\..\..\dependencies\Recast\DetourCrowd\Source\DetourCrowd.cpp">
      <Filter>3rdParty\Recast\DetourCrowd</Filter>
    </ClCompile>
    <ClCompile Include="..\..\..\dependencies\Recast\DetourCrowd\Source\DetourLocalBoundary.cpp">
      <Filter>3rdParty\Recast\DetourCrowd</Filter>
    </ClCompile>
    <ClCompile Include="..\..\..\dependencies\Recast\DetourTileCache\Source\DetourTileCache.cpp">
      <Filter>3rdParty\Recast\DetourTileCache</Filter>
    </ClCompile>
    <ClCompile Include="..\..\..\dependencies\Recast\DetourTileCache\Source\DetourTileCacheBuilder.cpp">
      <Filter>3rdParty\Recast\DetourTileCache</Filter>
    </ClCompile>
    <ClCompile Include="..\..\..\dependencies\Recast\Recast\Source\RecastRegion.cpp">
      <Filter>3rdParty\Recast\Recast</Filter>
    </ClCompile>
    <ClCompile Include="..\..\..\dependencies\Recast\Recast\Source\Recast.cpp">
      <Filter>3rdParty\Recast\Recast</Filter>
    </ClCompile>
    <ClCompile Include="..\..\..\dependencies\Recast\Recast\Source\RecastAlloc.cpp">
      <Filter>3rdParty\Recast\Recast</Filter>
    </ClCompile>
    <ClCompile Include="..\..\..\dependencies\Recast\Recast\Source\RecastArea.cpp">
      <Filter>3rdParty\Recast\Recast</Filter>
    </ClCompile>
    <ClCompile Include="..\..\..\dependencies\Recast\Recast\Source\RecastContour.cpp">
      <Filter>3rdParty\Recast\Recast</Filter>
    </ClCompile>
    <ClCompile Include="..\..\..\dependencies\Recast\Recast\Source\RecastFilter.cpp">
      <Filter>3rdParty\Recast\Recast</Filter>
    </ClCompile>
    <ClCompile Include="..\..\..\dependencies\Recast\Recast\Source\RecastLayers.cpp">
      <Filter>3rdParty\Recast\Recast</Filter>
    </ClCompile>
    <ClCompile Include="..\..\..\dependencies\Recast\Recast\Source\RecastMesh.cpp">
      <Filter>3rdParty\Recast\Recast</Filter>
    </ClCompile>
    <ClCompile Include="..\..\..\dependencies\Recast\Recast\Source\RecastMeshDetail.cpp">
      <Filter>3rdParty\Recast\Recast</Filter>
    </ClCompile>
    <ClCompile Include="..\..\..\dependencies\Recast\Recast\Source\RecastRasterization.cpp">
      <Filter>3rdParty\Recast\Recast</Filter>
    </ClCompile>
    <ClCompile Include="..\..\..\Common\PathPlannerRecastPathInterface.cpp">
      <Filter>Core\Navigation\PathPlannerRecast</Filter>
    </ClCompile>
    <ClCompile Include="..\..\..\dependencies\Recast\RecastDemo\Contrib\fastlz\fastlz.c">
      <Filter>3rdParty\Recast\fastlz</Filter>
    </ClCompile>
  </ItemGroup>
  <ItemGroup>
    <ClInclude Include="..\..\..\Common\Client.h">
      <Filter>Core</Filter>
    </ClInclude>
    <ClInclude Include="..\..\..\Common\Functions_Bot.h">
      <Filter>Core</Filter>
    </ClInclude>
    <ClInclude Include="..\..\..\Common\Functor.h">
      <Filter>Core</Filter>
    </ClInclude>
    <ClInclude Include="..\..\..\Common\IGame.h">
      <Filter>Core</Filter>
    </ClInclude>
    <ClInclude Include="..\..\..\Common\IGameManager.h">
      <Filter>Core</Filter>
    </ClInclude>
    <ClInclude Include="..\..\..\Common\NavigationFlags.h">
      <Filter>Core</Filter>
    </ClInclude>
    <ClInclude Include="..\..\..\Common\Omni-Bot.h">
      <Filter>Core</Filter>
    </ClInclude>
    <ClInclude Include="..\..\..\Common\Omni-Bot_BasicTypes.h">
      <Filter>Core</Filter>
    </ClInclude>
    <ClInclude Include="..\..\..\Common\Omni-Bot_BitFlags.h">
      <Filter>Core</Filter>
    </ClInclude>
    <ClInclude Include="..\..\..\Common\Omni-Bot_Events.h">
      <Filter>Core</Filter>
    </ClInclude>
    <ClInclude Include="..\..\..\Common\Omni-Bot_Types.h">
      <Filter>Core</Filter>
    </ClInclude>
    <ClInclude Include="..\..\..\Common\BlackBoard.h">
      <Filter>Core\Blackboard</Filter>
    </ClInclude>
    <ClInclude Include="..\..\..\Common\BlackBoardItems.h">
      <Filter>Core\Blackboard</Filter>
    </ClInclude>
    <ClInclude Include="..\..\..\Common\EventReciever.h">
      <Filter>Core\EventReciever</Filter>
    </ClInclude>
    <ClInclude Include="..\..\..\Common\GoalManager.h">
      <Filter>Core\Goals</Filter>
    </ClInclude>
    <ClInclude Include="..\..\..\Common\MapGoal.h">
      <Filter>Core\MapGoals</Filter>
    </ClInclude>
    <ClInclude Include="..\..\..\Common\MapGoalDatabase.h">
      <Filter>Core\MapGoals</Filter>
    </ClInclude>
    <ClInclude Include="..\..\..\Common\Base_Messages.h">
      <Filter>Core\Messages</Filter>
    </ClInclude>
    <ClInclude Include="..\..\..\Common\MessageHelper.h">
      <Filter>Core\Messages</Filter>
    </ClInclude>
    <ClInclude Include="..\..\..\Common\Path.h">
      <Filter>Core\Navigation</Filter>
    </ClInclude>
    <ClInclude Include="..\..\..\Common\PathPlannerBase.h">
      <Filter>Core\Navigation</Filter>
    </ClInclude>
    <ClInclude Include="..\..\..\Common\PathQuery.h">
      <Filter>Core\Navigation</Filter>
    </ClInclude>
    <ClInclude Include="..\..\..\Common\ThreatZone.h">
      <Filter>Core\Navigation</Filter>
    </ClInclude>
    <ClInclude Include="..\..\..\Common\PathPlannerWaypoint.h">
      <Filter>Core\Navigation\PathPlannerWaypoint</Filter>
    </ClInclude>
    <ClInclude Include="..\..\..\Common\Waypoint.h">
      <Filter>Core\Navigation\PathPlannerWaypoint</Filter>
    </ClInclude>
    <ClInclude Include="..\..\..\Common\WaypointSerializer_V1.h">
      <Filter>Core\Navigation\PathPlannerWaypoint</Filter>
    </ClInclude>
    <ClInclude Include="..\..\..\Common\WaypointSerializer_V2.h">
      <Filter>Core\Navigation\PathPlannerWaypoint</Filter>
    </ClInclude>
    <ClInclude Include="..\..\..\Common\WaypointSerializer_V3.h">
      <Filter>Core\Navigation\PathPlannerWaypoint</Filter>
    </ClInclude>
    <ClInclude Include="..\..\..\Common\WaypointSerializer_V4.h">
      <Filter>Core\Navigation\PathPlannerWaypoint</Filter>
    </ClInclude>
    <ClInclude Include="..\..\..\Common\WaypointSerializer_V5.h">
      <Filter>Core\Navigation\PathPlannerWaypoint</Filter>
    </ClInclude>
    <ClInclude Include="..\..\..\Common\WaypointSerializer_V6.h">
      <Filter>Core\Navigation\PathPlannerWaypoint</Filter>
    </ClInclude>
    <ClInclude Include="..\..\..\Common\WaypointSerializer_V7.h">
      <Filter>Core\Navigation\PathPlannerWaypoint</Filter>
    </ClInclude>
    <ClInclude Include="..\..\..\Common\WaypointSerializerImp.h">
      <Filter>Core\Navigation\PathPlannerWaypoint</Filter>
    </ClInclude>
    <ClInclude Include="..\..\..\Common\PathPlannerNavMesh.h">
      <Filter>Core\Navigation\PathPlannerNavMesh</Filter>
    </ClInclude>
    <ClInclude Include="..\..\..\Common\PathPlannerFloodFill.h">
      <Filter>Core\Navigation\PathPlannerFloodFill</Filter>
    </ClInclude>
    <ClInclude Include="..\..\..\Common\PathPlannerRecast.h">
      <Filter>Core\Navigation\PathPlannerRecast</Filter>
    </ClInclude>
    <ClInclude Include="..\..\..\Common\gmAABB.h">
      <Filter>Core\Scripting</Filter>
    </ClInclude>
    <ClInclude Include="..\..\..\Common\gmBind.h">
      <Filter>Core\Scripting</Filter>
    </ClInclude>
    <ClInclude Include="..\..\..\Common\gmBot.h">
      <Filter>Core\Scripting</Filter>
    </ClInclude>
    <ClInclude Include="..\..\..\Common\gmBotLibrary.h">
      <Filter>Core\Scripting</Filter>
    </ClInclude>
    <ClInclude Include="..\..\..\Common\gmGameEntity.h">
      <Filter>Core\Scripting</Filter>
    </ClInclude>
    <ClInclude Include="..\..\..\Common\gmMathLibrary.h">
      <Filter>Core\Scripting</Filter>
    </ClInclude>
    <ClInclude Include="..\..\..\Common\gmMatrix3.h">
      <Filter>Core\Scripting</Filter>
    </ClInclude>
    <ClInclude Include="..\..\..\Common\gmNamesList.h">
      <Filter>Core\Scripting</Filter>
    </ClInclude>
    <ClInclude Include="..\..\..\Common\gmScriptGoal.h">
      <Filter>Core\Scripting</Filter>
    </ClInclude>
    <ClInclude Include="..\..\..\Common\gmSystemLibApp.h">
      <Filter>Core\Scripting</Filter>
    </ClInclude>
    <ClInclude Include="..\..\..\Common\gmTargetInfo.h">
      <Filter>Core\Scripting</Filter>
    </ClInclude>
    <ClInclude Include="..\..\..\Common\gmTimer.h">
      <Filter>Core\Scripting</Filter>
    </ClInclude>
    <ClInclude Include="..\..\..\Common\gmTriggerInfo.h">
      <Filter>Core\Scripting</Filter>
    </ClInclude>
    <ClInclude Include="..\..\..\Common\gmUtilityLib.h">
      <Filter>Core\Scripting</Filter>
    </ClInclude>
    <ClInclude Include="..\..\..\Common\gmWeapon.h">
      <Filter>Core\Scripting</Filter>
    </ClInclude>
    <ClInclude Include="..\..\..\Common\ScriptManager.h">
      <Filter>Core\Scripting</Filter>
    </ClInclude>
    <ClInclude Include="..\..\..\Common\StateMachine.h">
      <Filter>Core\States</Filter>
    </ClInclude>
    <ClInclude Include="..\..\..\Common\BotBaseStates.h">
      <Filter>Core\States\States</Filter>
    </ClInclude>
    <ClInclude Include="..\..\..\Common\BotSensoryMemory.h">
      <Filter>Core\States\States</Filter>
    </ClInclude>
    <ClInclude Include="..\..\..\Common\BotSteeringSystem.h">
      <Filter>Core\States\States</Filter>
    </ClInclude>
    <ClInclude Include="..\..\..\Common\BotTargetingSystem.h">
      <Filter>Core\States\States</Filter>
    </ClInclude>
    <ClInclude Include="..\..\..\Common\BotWeaponSystem.h">
      <Filter>Core\States\States</Filter>
    </ClInclude>
    <ClInclude Include="..\..\..\Common\MemoryRecord.h">
      <Filter>Core\States\States</Filter>
    </ClInclude>
    <ClInclude Include="..\..\..\Common\ScriptGoal.h">
      <Filter>Core\States\States</Filter>
    </ClInclude>
    <ClInclude Include="..\..\..\Common\TargetInfo.h">
      <Filter>Core\States\States</Filter>
    </ClInclude>
    <ClInclude Include="..\..\..\Common\FilterAllType.h">
      <Filter>Core\States\States\SensoryFilters</Filter>
    </ClInclude>
    <ClInclude Include="..\..\..\Common\FilterBias.h">
      <Filter>Core\States\States\SensoryFilters</Filter>
    </ClInclude>
    <ClInclude Include="..\..\..\Common\FilterClosest.h">
      <Filter>Core\States\States\SensoryFilters</Filter>
    </ClInclude>
    <ClInclude Include="..\..\..\Common\FilterMostHurt.h">
      <Filter>Core\States\States\SensoryFilters</Filter>
    </ClInclude>
    <ClInclude Include="..\..\..\Common\FilterSensory.h">
      <Filter>Core\States\States\SensoryFilters</Filter>
    </ClInclude>
    <ClInclude Include="..\..\..\Common\BotGlobalStates.h">
      <Filter>Core\States\Global</Filter>
    </ClInclude>
    <ClInclude Include="..\..\..\Common\Weapon.h">
      <Filter>Core\Weapons</Filter>
    </ClInclude>
    <ClInclude Include="..\..\..\Common\WeaponDatabase.h">
      <Filter>Core\Weapons</Filter>
    </ClInclude>
    <ClInclude Include="..\..\..\dependencies\physfs\physfs.h">
      <Filter>3rdParty\physfs</Filter>
    </ClInclude>
    <ClInclude Include="..\..\..\dependencies\physfs\physfs_casefolding.h">
      <Filter>3rdParty\physfs</Filter>
    </ClInclude>
    <ClInclude Include="..\..\..\dependencies\physfs\physfs_internal.h">
      <Filter>3rdParty\physfs</Filter>
    </ClInclude>
    <ClInclude Include="..\..\..\dependencies\physfs\physfs_platforms.h">
      <Filter>3rdParty\physfs</Filter>
    </ClInclude>
    <ClInclude Include="..\..\..\dependencies\physfs\lzma\C\7zCrc.h">
      <Filter>3rdParty\physfs\lzma</Filter>
    </ClInclude>
    <ClInclude Include="..\..\..\dependencies\physfs\lzma\C\Alloc.h">
      <Filter>3rdParty\physfs\lzma</Filter>
    </ClInclude>
    <ClInclude Include="..\..\..\dependencies\physfs\lzma\C\CpuArch.h">
      <Filter>3rdParty\physfs\lzma</Filter>
    </ClInclude>
    <ClInclude Include="..\..\..\dependencies\physfs\lzma\C\IStream.h">
      <Filter>3rdParty\physfs\lzma</Filter>
    </ClInclude>
    <ClInclude Include="..\..\..\dependencies\physfs\lzma\C\Sort.h">
      <Filter>3rdParty\physfs\lzma</Filter>
    </ClInclude>
    <ClInclude Include="..\..\..\dependencies\physfs\lzma\C\Threads.h">
      <Filter>3rdParty\physfs\lzma</Filter>
    </ClInclude>
    <ClInclude Include="..\..\..\dependencies\physfs\lzma\C\Types.h">
      <Filter>3rdParty\physfs\lzma</Filter>
    </ClInclude>
    <ClInclude Include="..\..\..\dependencies\physfs\lzma\C\Archive\7z\7zAlloc.h">
      <Filter>3rdParty\physfs\lzma\Archive</Filter>
    </ClInclude>
    <ClInclude Include="..\..\..\dependencies\physfs\lzma\C\Archive\7z\7zBuffer.h">
      <Filter>3rdParty\physfs\lzma\Archive</Filter>
    </ClInclude>
    <ClInclude Include="..\..\..\dependencies\physfs\lzma\C\Archive\7z\7zDecode.h">
      <Filter>3rdParty\physfs\lzma\Archive</Filter>
    </ClInclude>
    <ClInclude Include="..\..\..\dependencies\physfs\lzma\C\Archive\7z\7zExtract.h">
      <Filter>3rdParty\physfs\lzma\Archive</Filter>
    </ClInclude>
    <ClInclude Include="..\..\..\dependencies\physfs\lzma\C\Archive\7z\7zHeader.h">
      <Filter>3rdParty\physfs\lzma\Archive</Filter>
    </ClInclude>
    <ClInclude Include="..\..\..\dependencies\physfs\lzma\C\Archive\7z\7zIn.h">
      <Filter>3rdParty\physfs\lzma\Archive</Filter>
    </ClInclude>
    <ClInclude Include="..\..\..\dependencies\physfs\lzma\C\Archive\7z\7zItem.h">
      <Filter>3rdParty\physfs\lzma\Archive</Filter>
    </ClInclude>
    <ClInclude Include="..\..\..\dependencies\physfs\lzma\C\Archive\7z\7zMethodID.h">
      <Filter>3rdParty\physfs\lzma\Archive</Filter>
    </ClInclude>
    <ClInclude Include="..\..\..\dependencies\physfs\lzma\C\Compress\Branch\BranchX86.h">
      <Filter>3rdParty\physfs\lzma\Compress\Branch</Filter>
    </ClInclude>
    <ClInclude Include="..\..\..\dependencies\physfs\lzma\C\Compress\Branch\BranchX86_2.h">
      <Filter>3rdParty\physfs\lzma\Compress\Branch</Filter>
    </ClInclude>
    <ClInclude Include="..\..\..\dependencies\physfs\lzma\C\Compress\Lzma\LzmaDecode.h">
      <Filter>3rdParty\physfs\lzma\Compress\Lzma</Filter>
    </ClInclude>
    <ClInclude Include="..\..\..\dependencies\physfs\lzma\C\Compress\Lzma\LzmaStateDecode.h">
      <Filter>3rdParty\physfs\lzma\Compress\Lzma</Filter>
    </ClInclude>
    <ClInclude Include="..\..\..\dependencies\physfs\lzma\C\Compress\Lzma\LzmaTypes.h">
      <Filter>3rdParty\physfs\lzma\Compress\Lzma</Filter>
    </ClInclude>
    <ClInclude Include="..\..\..\dependencies\physfs\zlib123\crc32.h">
      <Filter>3rdParty\physfs\zlib123</Filter>
    </ClInclude>
    <ClInclude Include="..\..\..\dependencies\physfs\zlib123\deflate.h">
      <Filter>3rdParty\physfs\zlib123</Filter>
    </ClInclude>
    <ClInclude Include="..\..\..\dependencies\physfs\zlib123\inffast.h">
      <Filter>3rdParty\physfs\zlib123</Filter>
    </ClInclude>
    <ClInclude Include="..\..\..\dependencies\physfs\zlib123\inffixed.h">
      <Filter>3rdParty\physfs\zlib123</Filter>
    </ClInclude>
    <ClInclude Include="..\..\..\dependencies\physfs\zlib123\inflate.h">
      <Filter>3rdParty\physfs\zlib123</Filter>
    </ClInclude>
    <ClInclude Include="..\..\..\dependencies\physfs\zlib123\inftrees.h">
      <Filter>3rdParty\physfs\zlib123</Filter>
    </ClInclude>
    <ClInclude Include="..\..\..\dependencies\physfs\zlib123\trees.h">
      <Filter>3rdParty\physfs\zlib123</Filter>
    </ClInclude>
    <ClInclude Include="..\..\..\dependencies\physfs\zlib123\zconf.h">
      <Filter>3rdParty\physfs\zlib123</Filter>
    </ClInclude>
    <ClInclude Include="..\..\..\dependencies\physfs\zlib123\zlib.h">
      <Filter>3rdParty\physfs\zlib123</Filter>
    </ClInclude>
    <ClInclude Include="..\..\..\dependencies\physfs\zlib123\zutil.h">
      <Filter>3rdParty\physfs\zlib123</Filter>
    </ClInclude>
    <ClInclude Include="..\..\..\dependencies\iprof\prof.h">
      <Filter>3rdParty\iprof</Filter>
    </ClInclude>
    <ClInclude Include="..\..\..\dependencies\iprof\prof_gather.h">
      <Filter>3rdParty\iprof</Filter>
    </ClInclude>
    <ClInclude Include="..\..\..\dependencies\iprof\prof_internal.h">
      <Filter>3rdParty\iprof</Filter>
    </ClInclude>
    <ClInclude Include="..\..\..\dependencies\iprof\prof_win32.h">
      <Filter>3rdParty\iprof</Filter>
    </ClInclude>
    <ClInclude Include="..\..\..\Common\CallbackParameters.h">
      <Filter>Miscellaneous</Filter>
    </ClInclude>
    <ClInclude Include="..\..\..\Common\CommandFunctor.h">
      <Filter>Miscellaneous</Filter>
    </ClInclude>
    <ClInclude Include="..\..\..\Common\CommandReciever.h">
      <Filter>Miscellaneous</Filter>
    </ClInclude>
    <ClInclude Include="..\..\..\Common\common.h">
      <Filter>Miscellaneous</Filter>
    </ClInclude>
    <ClInclude Include="..\..\..\Common\Criteria.h">
      <Filter>Miscellaneous</Filter>
    </ClInclude>
    <ClInclude Include="..\..\..\Common\EngineFuncs.h">
      <Filter>Miscellaneous</Filter>
    </ClInclude>
    <ClInclude Include="..\..\..\Common\FileDownloader.h">
      <Filter>Miscellaneous</Filter>
    </ClInclude>
    <ClInclude Include="..\..\..\Common\FileSystem.h">
      <Filter>Miscellaneous</Filter>
    </ClInclude>
    <ClInclude Include="..\..\..\Common\FSBAllocator.h">
      <Filter>Miscellaneous</Filter>
    </ClInclude>
    <ClInclude Include="..\..\..\Common\IEngineInterface.h">
      <Filter>Miscellaneous</Filter>
    </ClInclude>
    <ClInclude Include="..\..\..\Common\InterfaceFuncs.h">
      <Filter>Miscellaneous</Filter>
    </ClInclude>
    <ClInclude Include="..\..\..\Common\KeyValueIni.h">
      <Filter>Miscellaneous</Filter>
    </ClInclude>
    <ClInclude Include="..\..\..\Common\Logger.h">
      <Filter>Miscellaneous</Filter>
    </ClInclude>
    <ClInclude Include="..\..\..\Common\mdump.h">
      <Filter>Miscellaneous</Filter>
    </ClInclude>
    <ClInclude Include="..\..\..\Common\MessageFunctor.h">
      <Filter>Miscellaneous</Filter>
    </ClInclude>
    <ClInclude Include="..\..\..\Common\NameManager.h">
      <Filter>Miscellaneous</Filter>
    </ClInclude>
    <ClInclude Include="..\..\..\Common\ObjFunctor.h">
      <Filter>Miscellaneous</Filter>
    </ClInclude>
    <ClInclude Include="..\..\..\Common\Omni-Bot_Color.h">
      <Filter>Miscellaneous</Filter>
    </ClInclude>
    <ClInclude Include="..\..\..\Common\PIDController.h">
      <Filter>Miscellaneous</Filter>
    </ClInclude>
    <ClInclude Include="..\..\..\Common\PropertyBinding.h">
      <Filter>Miscellaneous</Filter>
    </ClInclude>
    <ClInclude Include="..\..\..\Common\Regulator.h">
      <Filter>Miscellaneous</Filter>
    </ClInclude>
    <ClInclude Include="..\..\..\Common\Revision.h">
      <Filter>Miscellaneous</Filter>
    </ClInclude>
    <ClInclude Include="..\..\..\Common\Timer.h">
      <Filter>Miscellaneous</Filter>
    </ClInclude>
    <ClInclude Include="..\..\..\Common\Trackable.h">
      <Filter>Miscellaneous</Filter>
    </ClInclude>
    <ClInclude Include="..\..\..\Common\TrackablePtr.h">
      <Filter>Miscellaneous</Filter>
    </ClInclude>
    <ClInclude Include="..\..\..\Common\Trajectory.h">
      <Filter>Miscellaneous</Filter>
    </ClInclude>
    <ClInclude Include="..\..\..\Common\TriggerManager.h">
      <Filter>Miscellaneous</Filter>
    </ClInclude>
    <ClInclude Include="..\..\..\Common\Utilities.h">
      <Filter>Miscellaneous</Filter>
    </ClInclude>
    <ClInclude Include="..\..\..\Common\BotExports.h">
      <Filter>Dll</Filter>
    </ClInclude>
    <ClInclude Include="resource.h">
      <Filter>Dll</Filter>
    </ClInclude>
    <ClInclude Include="..\..\..\Common\CodeAnalysis.h">
      <Filter>Miscellaneous</Filter>
    </ClInclude>
    <ClInclude Include="..\..\..\..\Tools\RemoteDebugWindow\RemoteDebugLib\connection.h">
      <Filter>RemoteDebug</Filter>
    </ClInclude>
    <ClInclude Include="..\..\..\..\Tools\RemoteDebugWindow\RemoteDebugLib\dataBuffer.h">
      <Filter>RemoteDebug</Filter>
    </ClInclude>
    <ClInclude Include="..\..\..\..\Tools\RemoteDebugWindow\RemoteDebugLib\messageQueue.h">
      <Filter>RemoteDebug</Filter>
    </ClInclude>
    <ClInclude Include="..\..\..\..\Tools\RemoteDebugWindow\RemoteDebugLib\messageTags.h">
      <Filter>RemoteDebug</Filter>
    </ClInclude>
    <ClInclude Include="..\..\..\..\Tools\RemoteDebugWindow\RemoteDebugLib\primitives.h">
      <Filter>RemoteDebug</Filter>
    </ClInclude>
    <ClInclude Include="..\..\..\..\Tools\RemoteDebugWindow\RemoteDebugLib\socket.h">
      <Filter>RemoteDebug</Filter>
    </ClInclude>
    <ClInclude Include="..\..\..\..\Tools\RemoteDebugWindow\RemoteDebugLib\systemLib.h">
      <Filter>RemoteDebug</Filter>
    </ClInclude>
    <ClInclude Include="..\..\..\Common\RecastInterfaces.h">
      <Filter>3rdParty\Recast</Filter>
    </ClInclude>
    <ClInclude Include="..\..\..\Common\FiberManager.h">
      <Filter>Core\Scripting</Filter>
    </ClInclude>
    <ClInclude Include="..\..\..\Common\FiberState.h">
      <Filter>Core\Scripting</Filter>
    </ClInclude>
    <ClInclude Include="..\..\..\Common\DebugConnection.h">
      <Filter>Core\RemoteDebugger</Filter>
    </ClInclude>
    <ClInclude Include="..\..\..\Common\Module.h">
      <Filter>Core</Filter>
    </ClInclude>
    <ClInclude Include="..\..\..\Common\ConcurrentQueue.h">
      <Filter>Core\Concurrency</Filter>
    </ClInclude>
    <ClInclude Include="..\..\..\Common\SpanHeightMap.h">
      <Filter>Core\Tools</Filter>
    </ClInclude>
    <ClInclude Include="..\..\..\Common\platformspecifics.h">
      <Filter>Miscellaneous</Filter>
    </ClInclude>
    <ClInclude Include="..\..\..\Common\PathPlannerWaypointInterface.h">
      <Filter>Core\Navigation\PathPlannerWaypoint</Filter>
    </ClInclude>
    <ClInclude Include="..\..\..\Common\TaskManager.h">
      <Filter>Core\Concurrency</Filter>
    </ClInclude>
    <ClInclude Include="..\..\..\Common\RenderBuffer.h">
      <Filter>Core</Filter>
    </ClInclude>
    <ClInclude Include="..\..\..\Common\System.h">
      <Filter>Core</Filter>
    </ClInclude>
    <ClInclude Include="..\..\..\Common\Pool.h">
      <Filter>Miscellaneous</Filter>
    </ClInclude>
    <ClInclude Include="..\..\..\Common\CollisionModel.h">
      <Filter>Miscellaneous</Filter>
    </ClInclude>
    <ClInclude Include="..\..\..\Common\BotPathing.h">
      <Filter>Core\States\States</Filter>
    </ClInclude>
    <ClInclude Include="..\..\..\Common\PathPlannerNavMeshPathInterface.h">
      <Filter>Core\Navigation\PathPlannerNavMesh</Filter>
    </ClInclude>
    <ClInclude Include="..\..\..\dependencies\md5\md5.h">
      <Filter>3rdParty\md5</Filter>
    </ClInclude>
    <ClInclude Include="..\..\..\Common\PathPlannerFloodFillPathInterface.h">
      <Filter>Core\Navigation\PathPlannerFloodFill</Filter>
    </ClInclude>
    <ClInclude Include="..\..\..\dependencies\sqlite\sqlite3.h">
      <Filter>3rdParty\sqlite</Filter>
    </ClInclude>
    <ClInclude Include="..\..\..\dependencies\sqlite\sqlite3ext.h">
      <Filter>3rdParty\sqlite</Filter>
    </ClInclude>
    <ClInclude Include="..\..\..\dependencies\Recast\DebugUtils\Include\DebugDraw.h">
      <Filter>3rdParty\Recast\DebugUtils</Filter>
    </ClInclude>
    <ClInclude Include="..\..\..\dependencies\Recast\DebugUtils\Include\DetourDebugDraw.h">
      <Filter>3rdParty\Recast\DebugUtils</Filter>
    </ClInclude>
    <ClInclude Include="..\..\..\dependencies\Recast\DebugUtils\Include\RecastDebugDraw.h">
      <Filter>3rdParty\Recast\DebugUtils</Filter>
    </ClInclude>
    <ClInclude Include="..\..\..\dependencies\Recast\DebugUtils\Include\RecastDump.h">
      <Filter>3rdParty\Recast\DebugUtils</Filter>
    </ClInclude>
    <ClInclude Include="..\..\..\dependencies\Recast\Detour\Include\DetourAlloc.h">
      <Filter>3rdParty\Recast\Detour</Filter>
    </ClInclude>
    <ClInclude Include="..\..\..\dependencies\Recast\Detour\Include\DetourAssert.h">
      <Filter>3rdParty\Recast\Detour</Filter>
    </ClInclude>
    <ClInclude Include="..\..\..\dependencies\Recast\Detour\Include\DetourCommon.h">
      <Filter>3rdParty\Recast\Detour</Filter>
    </ClInclude>
    <ClInclude Include="..\..\..\dependencies\Recast\Detour\Include\DetourMath.h">
      <Filter>3rdParty\Recast\Detour</Filter>
    </ClInclude>
    <ClInclude Include="..\..\..\dependencies\Recast\Detour\Include\DetourNavMesh.h">
      <Filter>3rdParty\Recast\Detour</Filter>
    </ClInclude>
    <ClInclude Include="..\..\..\dependencies\Recast\Detour\Include\DetourNavMeshBuilder.h">
      <Filter>3rdParty\Recast\Detour</Filter>
    </ClInclude>
    <ClInclude Include="..\..\..\dependencies\Recast\Detour\Include\DetourNavMeshQuery.h">
      <Filter>3rdParty\Recast\Detour</Filter>
    </ClInclude>
    <ClInclude Include="..\..\..\dependencies\Recast\Detour\Include\DetourNode.h">
      <Filter>3rdParty\Recast\Detour</Filter>
    </ClInclude>
    <ClInclude Include="..\..\..\dependencies\Recast\Detour\Include\DetourStatus.h">
      <Filter>3rdParty\Recast\Detour</Filter>
    </ClInclude>
    <ClInclude Include="..\..\..\dependencies\Recast\DetourCrowd\Include\DetourObstacleAvoidance.h">
      <Filter>3rdParty\Recast\DetourCrowd</Filter>
    </ClInclude>
    <ClInclude Include="..\..\..\dependencies\Recast\DetourCrowd\Include\DetourPathCorridor.h">
      <Filter>3rdParty\Recast\DetourCrowd</Filter>
    </ClInclude>
    <ClInclude Include="..\..\..\dependencies\Recast\DetourCrowd\Include\DetourPathQueue.h">
      <Filter>3rdParty\Recast\DetourCrowd</Filter>
    </ClInclude>
    <ClInclude Include="..\..\..\dependencies\Recast\DetourCrowd\Include\DetourProximityGrid.h">
      <Filter>3rdParty\Recast\DetourCrowd</Filter>
    </ClInclude>
    <ClInclude Include="..\..\..\dependencies\Recast\DetourCrowd\Include\DetourCrowd.h">
      <Filter>3rdParty\Recast\DetourCrowd</Filter>
    </ClInclude>
    <ClInclude Include="..\..\..\dependencies\Recast\DetourCrowd\Include\DetourLocalBoundary.h">
      <Filter>3rdParty\Recast\DetourCrowd</Filter>
    </ClInclude>
    <ClInclude Include="..\..\..\dependencies\Recast\DetourTileCache\Include\DetourTileCache.h">
      <Filter>3rdParty\Recast\DetourTileCache</Filter>
    </ClInclude>
    <ClInclude Include="..\..\..\dependencies\Recast\DetourTileCache\Include\DetourTileCacheBuilder.h">
      <Filter>3rdParty\Recast\DetourTileCache</Filter>
    </ClInclude>
    <ClInclude Include="..\..\..\dependencies\Recast\Recast\Include\Recast.h">
      <Filter>3rdParty\Recast\Recast</Filter>
    </ClInclude>
    <ClInclude Include="..\..\..\dependencies\Recast\Recast\Include\RecastAlloc.h">
      <Filter>3rdParty\Recast\Recast</Filter>
    </ClInclude>
    <ClInclude Include="..\..\..\dependencies\Recast\Recast\Include\RecastAssert.h">
      <Filter>3rdParty\Recast\Recast</Filter>
    </ClInclude>
    <ClInclude Include="..\..\..\Common\PathPlannerRecastPathInterface.h">
      <Filter>Core\Navigation\PathPlannerRecast</Filter>
    </ClInclude>
    <ClInclude Include="..\..\..\dependencies\Recast\RecastDemo\Contrib\fastlz\fastlz.h">
      <Filter>3rdParty\Recast\fastlz</Filter>
    </ClInclude>
    <ClInclude Include="..\..\..\Common\Omni-bot_GameEvents.h">
      <Filter>Core</Filter>
    </ClInclude>
  </ItemGroup>
  <ItemGroup>
    <None Include="..\..\..\Common\Jamfile" />
    <None Include="..\..\..\Common\Omni-Bot_Common_TODO.txt" />
  </ItemGroup>
  <ItemGroup>
    <ResourceCompile Include="Common.rc">
      <Filter>Dll</Filter>
    </ResourceCompile>
  </ItemGroup>
</Project>