<?xml version="1.0" encoding="utf-8"?>
<Project ToolsVersion="4.0" xmlns="http://schemas.microsoft.com/developer/msbuild/2003">
  <ItemGroup>
    <Filter Include="Dlls">
      <UniqueIdentifier>{7e2a0c2a-c460-4249-9ddb-085d4f2290de}</UniqueIdentifier>
    </Filter>
    <Filter Include="Core">
      <UniqueIdentifier>{e86c9615-34e2-4dd9-995c-1cf85ff166c5}</UniqueIdentifier>
    </Filter>
    <Filter Include="Core\Goals">
      <UniqueIdentifier>{7ae83add-630a-4b05-afed-71da53dd2a91}</UniqueIdentifier>
    </Filter>
    <Filter Include="Core\Filters">
      <UniqueIdentifier>{6f25db24-999e-445c-a460-0daeddc1a917}</UniqueIdentifier>
    </Filter>
    <Filter Include="Core\Scripting">
      <UniqueIdentifier>{4edd1d94-7ca3-4bb7-b44c-48901f4abcd4}</UniqueIdentifier>
    </Filter>
  </ItemGroup>
  <ItemGroup>
    <ClCompile Include="..\..\..\Common\BotExports.cpp">
      <Filter>Dlls</Filter>
    </ClCompile>
    <ClCompile Include="..\..\..\ETQW\ETQW_Client.cpp">
      <Filter>Core</Filter>
    </ClCompile>
    <ClCompile Include="..\..\..\ETQW\ETQW_Game.cpp">
      <Filter>Core</Filter>
    </ClCompile>
    <ClCompile Include="..\..\..\ETQW\ETQW_InterfaceFuncs.cpp">
      <Filter>Core</Filter>
    </ClCompile>
    <ClCompile Include="..\..\..\ETQW\ETQW_VoiceMacros.cpp">
      <Filter>Core</Filter>
    </ClCompile>
    <ClCompile Include="..\..\..\ETQW\ETQW_BaseStates.cpp">
      <Filter>Core\Goals</Filter>
    </ClCompile>
    <ClCompile Include="..\..\..\ETQW\ETQW_FilterClosest.cpp">
      <Filter>Core\Filters</Filter>
    </ClCompile>
    <ClCompile Include="..\..\..\ETQW\gmETQWBinds.cpp">
      <Filter>Core\Scripting</Filter>
    </ClCompile>
  </ItemGroup>
  <ItemGroup>
    <ClInclude Include="..\..\..\ETQW\ETQW_Client.h">
      <Filter>Core</Filter>
    </ClInclude>
    <ClInclude Include="..\..\..\ETQW\ETQW_Config.h">
      <Filter>Core</Filter>
    </ClInclude>
    <ClInclude Include="..\..\..\ETQW\ETQW_Game.h">
      <Filter>Core</Filter>
    </ClInclude>
    <ClInclude Include="..\..\..\ETQW\ETQW_InterfaceFuncs.h">
      <Filter>Core</Filter>
    </ClInclude>
    <ClInclude Include="..\..\..\ETQW\ETQW_Messages.h">
      <Filter>Core</Filter>
    </ClInclude>
    <ClInclude Include="..\..\..\ETQW\ETQW_VoiceMacros.h">
      <Filter>Core</Filter>
    </ClInclude>
    <ClInclude Include="..\..\..\ETQW\ETQW_BaseStates.h">
      <Filter>Core\Goals</Filter>
    </ClInclude>
    <ClInclude Include="..\..\..\ETQW\ETQW_FilterClosest.h">
      <Filter>Core\Filters</Filter>
    </ClInclude>
  </ItemGroup>
</Project>