<?xml version="1.0" encoding="utf-8"?>
<Project ToolsVersion="4.0" xmlns="http://schemas.microsoft.com/developer/msbuild/2003">
  <ItemGroup>
    <Filter Include="Core">
      <UniqueIdentifier>{3c687bbe-2975-4548-9aad-d24ff544c5d0}</UniqueIdentifier>
    </Filter>
    <Filter Include="Core\Scripting">
      <UniqueIdentifier>{20855a55-40db-4294-97a8-d380d194dad8}</UniqueIdentifier>
    </Filter>
    <Filter Include="Core\Goals">
      <UniqueIdentifier>{553edc5e-68e0-46c6-887c-400ebf640ff2}</UniqueIdentifier>
    </Filter>
    <Filter Include="Dlls">
      <UniqueIdentifier>{0f14f451-3a46-4cf8-a372-13278511e72e}</UniqueIdentifier>
    </Filter>
    <Filter Include="_Interface">
      <UniqueIdentifier>{f6b45ff0-d220-4080-b3ed-98b811519e73}</UniqueIdentifier>
    </Filter>
    <Filter Include="_Build">
      <UniqueIdentifier>{cb2a2630-6335-4c69-b668-56cc18763f69}</UniqueIdentifier>
    </Filter>
  </ItemGroup>
  <ItemGroup>
    <ClCompile Include="..\..\..\TF2\PrecompTF2.cpp">
      <Filter>Core</Filter>
    </ClCompile>
    <ClCompile Include="..\..\..\tf2\TF2_Client.cpp">
      <Filter>Core</Filter>
    </ClCompile>
    <ClCompile Include="..\..\..\tf2\TF2_Game.cpp">
      <Filter>Core</Filter>
    </ClCompile>
    <ClCompile Include="..\..\..\TF2\TF2_VoiceMacros.cpp">
      <Filter>Core</Filter>
    </ClCompile>
    <ClCompile Include="..\..\..\TF2\gmTF2Binds.cpp">
      <Filter>Core\Scripting</Filter>
    </ClCompile>
    <ClCompile Include="..\..\..\TF2\TF2_BaseStates.cpp">
      <Filter>Core\Goals</Filter>
    </ClCompile>
    <ClCompile Include="..\..\..\common\BotExports.cpp">
      <Filter>Dlls</Filter>
    </ClCompile>
    <ClCompile Include="..\..\..\..\GameInterfaces\HL2_OB_Plugin\utils\omnibot_plugin\omnibot_interface.cpp">
      <Filter>_Interface</Filter>
    </ClCompile>
    <ClCompile Include="..\..\..\TF2\TF2_BatchBuild.cpp">
      <Filter>_Build</Filter>
    </ClCompile>
  </ItemGroup>
  <ItemGroup>
    <ClInclude Include="..\..\..\TF2\PrecompTF2.h">
      <Filter>Core</Filter>
    </ClInclude>
    <ClInclude Include="..\..\..\tf2\TF2_Client.h">
      <Filter>Core</Filter>
    </ClInclude>
    <ClInclude Include="..\..\..\tf2\TF2_Config.h">
      <Filter>Core</Filter>
    </ClInclude>
    <ClInclude Include="..\..\..\tf2\TF2_Game.h">
      <Filter>Core</Filter>
    </ClInclude>
    <ClInclude Include="..\..\..\tf2\TF2_Messages.h">
      <Filter>Core</Filter>
    </ClInclude>
    <ClInclude Include="..\..\..\tf2\TF2_NavigationFlags.h">
      <Filter>Core</Filter>
    </ClInclude>
    <ClInclude Include="..\..\..\TF2\TF2_VoiceMacros.h">
      <Filter>Core</Filter>
    </ClInclude>
    <ClInclude Include="..\..\..\TF2\gmTF2Binds.h">
      <Filter>Core\Scripting</Filter>
    </ClInclude>
    <ClInclude Include="..\..\..\TF2\TF2_BaseStates.h">
      <Filter>Core\Goals</Filter>
    </ClInclude>
  </ItemGroup>
  <ItemGroup>
    <ResourceCompile Include="..\Common\Common.rc">
      <Filter>Dlls</Filter>
    </ResourceCompile>
  </ItemGroup>
  <ItemGroup>
    <None Include="..\..\..\TF2\Jamfile" />
    <None Include="..\..\..\TF2\Omni-Bot_TF2_TODO.txt" />
  </ItemGroup>
</Project>