<?xml version="1.0" encoding="utf-8"?>
<Project ToolsVersion="4.0" xmlns="http://schemas.microsoft.com/developer/msbuild/2003">
  <ItemGroup>
    <Filter Include="Util">
      <UniqueIdentifier>{B8782B42-8B01-9E40-85FF-88B1C5AA211F}</UniqueIdentifier>
    </Filter>
    <Filter Include="Util\ImportExport">
      <UniqueIdentifier>{CE2268A5-6FD9-ED40-9CF7-8019D044E8FE}</UniqueIdentifier>
    </Filter>
  </ItemGroup>
  <ItemGroup>
    <ClInclude Include="..\..\..\Util\ImportExport\DesignerFormat.h">
      <Filter>Util\ImportExport</Filter>
    </ClInclude>
  </ItemGroup>
  <ItemGroup>
    <ClCompile Include="..\..\..\Util\ImportExport\Base.cpp">
      <Filter>Util\ImportExport</Filter>
    </ClCompile>
    <ClCompile Include="..\..\..\Util\ImportExport\DesignerFormat.cpp">
      <Filter>Util\ImportExport</Filter>
    </ClCompile>
  </ItemGroup>
</Project>
