<?xml version="1.0" encoding="utf-8"?>
<Project ToolsVersion="4.0" xmlns="http://schemas.microsoft.com/developer/msbuild/2003">
  <ItemGroup>
    <Filter Include="Samples">
      <UniqueIdentifier>{6AEE6A33-69AC-A644-8F3D-C797F0EC68E2}</UniqueIdentifier>
    </Filter>
    <Filter Include="Samples\Direct2D">
      <UniqueIdentifier>{C680DF33-DA24-664C-BDD6-12CBEF273369}</UniqueIdentifier>
    </Filter>
  </ItemGroup>
  <ItemGroup>
    <ClCompile Include="..\..\..\Samples\Direct2D\Direct2DSample.cpp">
      <Filter>Samples\Direct2D</Filter>
    </ClCompile>
  </ItemGroup>
</Project>
