Microsoft Visual Studio Solution File, Format Version 12.00
# Visual Studio Version 17
VisualStudioVersion = 17.9.34728.123
MinimumVisualStudioVersion = 10.0.40219.1
Project("{8BC9CEB8-8B4A-11D0-8D11-00A0C91BC942}") = "gm_ex", "..\..\dependencies\gmscriptex\gmsrc_ex\src\gm\gm2013.vcxproj", "{8C9CC332-D582-453A-AF10-20B100857587}"
EndProject
Project("{8BC9CEB8-8B4A-11D0-8D11-00A0C91BC942}") = "MOD_ET", "ET\ET.vcxproj", "{0C712472-8447-4088-87EE-E9FAF72E31E7}"
	ProjectSection(ProjectDependencies) = postProject
		{8C9CC332-D582-453A-AF10-20B100857587} = {8C9CC332-D582-453A-AF10-20B100857587}
		{2740AA5F-AB52-4D24-AE5A-97033AAECD7A} = {2740AA5F-AB52-4D24-AE5A-97033AAECD7A}
	EndProjectSection
EndProject
Project("{8BC9CEB8-8B4A-11D0-8D11-00A0C91BC942}") = "MOD_RTCW", "RTCW\rtcw.vcxproj", "{C98A7EDB-55CF-4109-8231-928CB6304FA2}"
	ProjectSection(ProjectDependencies) = postProject
		{2740AA5F-AB52-4D24-AE5A-97033AAECD7A} = {2740AA5F-AB52-4D24-AE5A-97033AAECD7A}
	EndProjectSection
EndProject
Project("{8BC9CEB8-8B4A-11D0-8D11-00A0C91BC942}") = "Common", "Common\Common.vcxproj", "{2740AA5F-AB52-4D24-AE5A-97033AAECD7A}"
	ProjectSection(ProjectDependencies) = postProject
		{8C9CC332-D582-453A-AF10-20B100857587} = {8C9CC332-D582-453A-AF10-20B100857587}
	EndProjectSection
EndProject
Global
	GlobalSection(SolutionConfigurationPlatforms) = preSolution
		Debug|Win32 = Debug|Win32
		Debug|x64 = Debug|x64
		Release|Win32 = Release|Win32
		Release|x64 = Release|x64
	EndGlobalSection
	GlobalSection(ProjectConfigurationPlatforms) = postSolution
		{8C9CC332-D582-453A-AF10-20B100857587}.Debug|Win32.ActiveCfg = Debug|Win32
		{8C9CC332-D582-453A-AF10-20B100857587}.Debug|Win32.Build.0 = Debug|Win32
		{8C9CC332-D582-453A-AF10-20B100857587}.Debug|x64.ActiveCfg = Debug|x64
		{8C9CC332-D582-453A-AF10-20B100857587}.Debug|x64.Build.0 = Debug|x64
		{8C9CC332-D582-453A-AF10-20B100857587}.Release|Win32.ActiveCfg = Release|Win32
		{8C9CC332-D582-453A-AF10-20B100857587}.Release|Win32.Build.0 = Release|Win32
		{8C9CC332-D582-453A-AF10-20B100857587}.Release|x64.ActiveCfg = Release|x64
		{8C9CC332-D582-453A-AF10-20B100857587}.Release|x64.Build.0 = Release|x64
		{0C712472-8447-4088-87EE-E9FAF72E31E7}.Debug|Win32.ActiveCfg = Debug|Win32
		{0C712472-8447-4088-87EE-E9FAF72E31E7}.Debug|Win32.Build.0 = Debug|Win32
		{0C712472-8447-4088-87EE-E9FAF72E31E7}.Debug|x64.ActiveCfg = Debug|x64
		{0C712472-8447-4088-87EE-E9FAF72E31E7}.Debug|x64.Build.0 = Debug|x64
		{0C712472-8447-4088-87EE-E9FAF72E31E7}.Release|Win32.ActiveCfg = Release|Win32
		{0C712472-8447-4088-87EE-E9FAF72E31E7}.Release|Win32.Build.0 = Release|Win32
		{0C712472-8447-4088-87EE-E9FAF72E31E7}.Release|x64.ActiveCfg = Release|x64
		{0C712472-8447-4088-87EE-E9FAF72E31E7}.Release|x64.Build.0 = Release|x64
		{C98A7EDB-55CF-4109-8231-928CB6304FA2}.Debug|Win32.ActiveCfg = Debug|Win32
		{C98A7EDB-55CF-4109-8231-928CB6304FA2}.Debug|x64.ActiveCfg = Debug|x64
		{C98A7EDB-55CF-4109-8231-928CB6304FA2}.Debug|x64.Build.0 = Debug|x64
		{C98A7EDB-55CF-4109-8231-928CB6304FA2}.Release|Win32.ActiveCfg = Release|Win32
		{C98A7EDB-55CF-4109-8231-928CB6304FA2}.Release|Win32.Build.0 = Release|Win32
		{C98A7EDB-55CF-4109-8231-928CB6304FA2}.Release|x64.ActiveCfg = Release|x64
		{C98A7EDB-55CF-4109-8231-928CB6304FA2}.Release|x64.Build.0 = Release|x64
		{2740AA5F-AB52-4D24-AE5A-97033AAECD7A}.Debug|Win32.ActiveCfg = Debug|Win32
		{2740AA5F-AB52-4D24-AE5A-97033AAECD7A}.Debug|Win32.Build.0 = Debug|Win32
		{2740AA5F-AB52-4D24-AE5A-97033AAECD7A}.Debug|x64.ActiveCfg = Debug|x64
		{2740AA5F-AB52-4D24-AE5A-97033AAECD7A}.Debug|x64.Build.0 = Debug|x64
		{2740AA5F-AB52-4D24-AE5A-97033AAECD7A}.Release|Win32.ActiveCfg = Release|Win32
		{2740AA5F-AB52-4D24-AE5A-97033AAECD7A}.Release|Win32.Build.0 = Release|Win32
		{2740AA5F-AB52-4D24-AE5A-97033AAECD7A}.Release|x64.ActiveCfg = Release|x64
		{2740AA5F-AB52-4D24-AE5A-97033AAECD7A}.Release|x64.Build.0 = Release|x64
	EndGlobalSection
	GlobalSection(SolutionProperties) = preSolution
		HideSolutionNode = FALSE
	EndGlobalSection
	GlobalSection(ExtensibilityGlobals) = postSolution
		AMDCaProjectFile = D:\Documents and Settings\DrEvilOB\Desktop\Profiling\OmnibotFF\Omni-bot80.caw
	EndGlobalSection
EndGlobal
