
Microsoft Visual Studio Solution File, Format Version 12.00
# Visual Studio 2012
Project("{8BC9CEB8-8B4A-11D0-8D11-00A0C91BC942}") = "RemoteDebugWindow", "RemoteDebugWindow\RemoteDebugWindow.vcxproj", "{15CE2F8C-EA71-4EB9-8970-703FC444AE0A}"
EndProject
Project("{8BC9CEB8-8B4A-11D0-8D11-00A0C91BC942}") = "RemoteDebugLib", "RemoteDebugLib\RemoteDebugLib.vcxproj", "{C9B38552-3534-437E-A660-C34A62DDCEB1}"
EndProject
Project("{8BC9CEB8-8B4A-11D0-8D11-00A0C91BC942}") = "libprotobuf", "..\protobuf\protobuf-2.4.1\vsprojects\libprotobuf.vcproj", "{3E283F37-A4ED-41B7-A3E6-A2D89D131A30}"
EndProject
Global
	GlobalSection(SolutionConfigurationPlatforms) = preSolution
		Debug|Win32 = Debug|Win32
		Release|Win32 = Release|Win32
	EndGlobalSection
	GlobalSection(ProjectConfigurationPlatforms) = postSolution
		{15CE2F8C-EA71-4EB9-8970-703FC444AE0A}.Debug|Win32.ActiveCfg = Debug|Win32
		{15CE2F8C-EA71-4EB9-8970-703FC444AE0A}.Debug|Win32.Build.0 = Debug|Win32
		{15CE2F8C-EA71-4EB9-8970-703FC444AE0A}.Release|Win32.ActiveCfg = Release|Win32
		{15CE2F8C-EA71-4EB9-8970-703FC444AE0A}.Release|Win32.Build.0 = Release|Win32
		{C9B38552-3534-437E-A660-C34A62DDCEB1}.Debug|Win32.ActiveCfg = Debug|Win32
		{C9B38552-3534-437E-A660-C34A62DDCEB1}.Debug|Win32.Build.0 = Debug|Win32
		{C9B38552-3534-437E-A660-C34A62DDCEB1}.Release|Win32.ActiveCfg = Release|Win32
		{C9B38552-3534-437E-A660-C34A62DDCEB1}.Release|Win32.Build.0 = Release|Win32
		{3E283F37-A4ED-41B7-A3E6-A2D89D131A30}.Debug|Win32.ActiveCfg = Debug|Win32
		{3E283F37-A4ED-41B7-A3E6-A2D89D131A30}.Debug|Win32.Build.0 = Debug|Win32
		{3E283F37-A4ED-41B7-A3E6-A2D89D131A30}.Release|Win32.ActiveCfg = Release|Win32
		{3E283F37-A4ED-41B7-A3E6-A2D89D131A30}.Release|Win32.Build.0 = Release|Win32
	EndGlobalSection
	GlobalSection(SolutionProperties) = preSolution
		HideSolutionNode = FALSE
	EndGlobalSection
EndGlobal
