<?xml version="1.0" encoding="utf-8"?>
<Project ToolsVersion="4.0" xmlns="http://schemas.microsoft.com/developer/msbuild/2003">
  <ItemGroup>
    <Filter Include="Renderers">
      <UniqueIdentifier>{C23873EC-F3AA-8C44-9F33-F229EB26E555}</UniqueIdentifier>
    </Filter>
    <Filter Include="Renderers\Direct2D">
      <UniqueIdentifier>{DB07F1B2-F6A7-E643-9652-9BE904D00FE8}</UniqueIdentifier>
    </Filter>
  </ItemGroup>
  <ItemGroup>
    <ClCompile Include="..\..\..\Renderers\Direct2D\Direct2D.cpp">
      <Filter>Renderers\Direct2D</Filter>
    </ClCompile>
  </ItemGroup>
</Project>
