<?xml version="1.0" encoding="utf-8"?>
<Project ToolsVersion="4.0" xmlns="http://schemas.microsoft.com/developer/msbuild/2003">
  <ItemGroup>
    <Filter Include="Core">
      <UniqueIdentifier>{8f7717a6-b03e-4c39-b240-ced6cf68469e}</UniqueIdentifier>
    </Filter>
    <Filter Include="Core\Blackboard">
      <UniqueIdentifier>{5b1bec30-e778-436f-93ec-d7fe23a5ac13}</UniqueIdentifier>
    </Filter>
    <Filter Include="Core\DebugConsole">
      <UniqueIdentifier>{1b9aaae5-3142-4c10-aa81-d635fb779925}</UniqueIdentifier>
    </Filter>
    <Filter Include="Core\EventReciever">
      <UniqueIdentifier>{57890cca-7c59-4b16-aa4d-c2fde6eb817b}</UniqueIdentifier>
    </Filter>
    <Filter Include="Core\Goals">
      <UniqueIdentifier>{b0390462-5153-400b-9dbc-0d09db2eb902}</UniqueIdentifier>
    </Filter>
    <Filter Include="Core\MapGoals">
      <UniqueIdentifier>{13125428-c71a-4cf7-a2df-761139c813da}</UniqueIdentifier>
    </Filter>
    <Filter Include="Core\Messages">
      <UniqueIdentifier>{0a8b3f4b-15eb-4d14-af9b-5f12f5b86009}</UniqueIdentifier>
    </Filter>
    <Filter Include="Core\Navigation">
      <UniqueIdentifier>{a37ea2d9-8da0-4dc6-a2e9-b15a4acd684a}</UniqueIdentifier>
    </Filter>
    <Filter Include="Core\Navigation\PathPlannerWaypoint">
      <UniqueIdentifier>{de9b9d42-bb78-4b36-afbb-fc0ded6cb480}</UniqueIdentifier>
    </Filter>
    <Filter Include="Core\Navigation\PathPlannerNavMesh">
      <UniqueIdentifier>{cdcb2388-dbbb-4e0b-81d6-4981f5e0c189}</UniqueIdentifier>
    </Filter>
    <Filter Include="Core\Navigation\PathPlannerFloodFill">
      <UniqueIdentifier>{fb07009c-6868-4ed9-8803-a9c3239512b1}</UniqueIdentifier>
    </Filter>
    <Filter Include="Core\Navigation\PathPlannerRecast">
      <UniqueIdentifier>{7a41cc71-e2e2-4385-b080-cef98ff36387}</UniqueIdentifier>
    </Filter>
    <Filter Include="Core\Scripting">
      <UniqueIdentifier>{e9c89e9c-4b71-4d9a-98f5-e3b1bc08b5b8}</UniqueIdentifier>
    </Filter>
    <Filter Include="Core\States">
      <UniqueIdentifier>{a28d411d-367e-4101-a62d-9d39cdf0477d}</UniqueIdentifier>
    </Filter>
    <Filter Include="Core\States\States">
      <UniqueIdentifier>{39e97190-df97-4394-b399-f2e768d53684}</UniqueIdentifier>
    </Filter>
    <Filter Include="Core\States\States\SensoryFilters">
      <UniqueIdentifier>{89a9f818-c0ff-4af6-880a-7931c1e51836}</UniqueIdentifier>
    </Filter>
    <Filter Include="Core\States\Global">
      <UniqueIdentifier>{fc1e172e-d58e-4852-bbc1-a00f790e8c03}</UniqueIdentifier>
    </Filter>
    <Filter Include="Core\Weapons">
      <UniqueIdentifier>{a4bf584d-ba14-4ac7-aade-a5e0dab1a320}</UniqueIdentifier>
    </Filter>
    <Filter Include="Core\Tools">
      <UniqueIdentifier>{46e8ac85-f8b0-4666-8a14-23a40a17404e}</UniqueIdentifier>
    </Filter>
    <Filter Include="3rdParty">
      <UniqueIdentifier>{c88d6c03-4d27-42a4-8d36-66e3ef94bdf2}</UniqueIdentifier>
    </Filter>
    <Filter Include="3rdParty\WildMagic">
      <UniqueIdentifier>{ff980440-d84b-4c6a-911d-2bcc336eb40c}</UniqueIdentifier>
    </Filter>
    <Filter Include="3rdParty\WildMagic\Math">
      <UniqueIdentifier>{4e2a2768-14a4-4da7-a23d-16d80671eb80}</UniqueIdentifier>
    </Filter>
    <Filter Include="3rdParty\WildMagic\Distance">
      <UniqueIdentifier>{58e3d273-1239-42ed-afa1-7a591989f951}</UniqueIdentifier>
    </Filter>
    <Filter Include="3rdParty\WildMagic\Containment">
      <UniqueIdentifier>{e7c96764-105c-4ba6-9c60-028dbadb983d}</UniqueIdentifier>
    </Filter>
    <Filter Include="3rdParty\WildMagic\Intersection">
      <UniqueIdentifier>{d7349d87-5b4c-4400-8f96-faeddd1f1352}</UniqueIdentifier>
    </Filter>
    <Filter Include="3rdParty\physfs">
      <UniqueIdentifier>{b135ac64-12db-47fe-b97c-f4e787d345df}</UniqueIdentifier>
    </Filter>
    <Filter Include="3rdParty\physfs\archivers">
      <UniqueIdentifier>{a4a2cea5-ced8-49b4-a245-d482244a9894}</UniqueIdentifier>
    </Filter>
    <Filter Include="3rdParty\physfs\lzma">
      <UniqueIdentifier>{66746b32-622d-4119-b1ae-dc5606e11c3b}</UniqueIdentifier>
    </Filter>
    <Filter Include="3rdParty\physfs\lzma\Archive">
      <UniqueIdentifier>{4cd6d35a-3eaa-413a-b157-a93207d5876e}</UniqueIdentifier>
    </Filter>
    <Filter Include="3rdParty\physfs\lzma\Compress">
      <UniqueIdentifier>{1f2cce04-92ce-49f7-a050-57b9f352286a}</UniqueIdentifier>
    </Filter>
    <Filter Include="3rdParty\physfs\lzma\Compress\Branch">
      <UniqueIdentifier>{6d8413e1-183e-4ceb-8175-801c9bda6da6}</UniqueIdentifier>
    </Filter>
    <Filter Include="3rdParty\physfs\lzma\Compress\Lzma">
      <UniqueIdentifier>{4d5441e9-cfe0-47aa-9182-391838f0226e}</UniqueIdentifier>
    </Filter>
    <Filter Include="3rdParty\physfs\platform">
      <UniqueIdentifier>{bf3b75cb-6563-44e6-8962-d643f11e596c}</UniqueIdentifier>
    </Filter>
    <Filter Include="3rdParty\physfs\zlib123">
      <UniqueIdentifier>{d6e6f631-d9da-4357-bfa4-43fcd3203e5d}</UniqueIdentifier>
    </Filter>
    <Filter Include="3rdParty\iprof">
      <UniqueIdentifier>{6422aa7a-bc29-411a-ae13-74792666b2ec}</UniqueIdentifier>
    </Filter>
    <Filter Include="3rdParty\guichan">
      <UniqueIdentifier>{d0458f4c-e63d-4882-a5a1-f95be952c708}</UniqueIdentifier>
    </Filter>
    <Filter Include="3rdParty\guichan\opengl">
      <UniqueIdentifier>{04d6027e-7c42-4e3f-bb46-39bd9f4eb583}</UniqueIdentifier>
    </Filter>
    <Filter Include="3rdParty\guichan\widgets">
      <UniqueIdentifier>{09c5f233-53a5-4637-abb6-53c030949a01}</UniqueIdentifier>
    </Filter>
    <Filter Include="3rdParty\guichan\sdl">
      <UniqueIdentifier>{78cbe88d-9fd0-4d0b-8c5b-2d8e6137e037}</UniqueIdentifier>
    </Filter>
    <Filter Include="3rdParty\guichan\sfml">
      <UniqueIdentifier>{128443f6-676d-417b-8a38-9fe9f57f61f0}</UniqueIdentifier>
    </Filter>
    <Filter Include="3rdParty\Recast">
      <UniqueIdentifier>{73c805af-51f3-4da7-bb52-7bbd3f9a8087}</UniqueIdentifier>
    </Filter>
    <Filter Include="3rdParty\Recast\Recast">
      <UniqueIdentifier>{7d576b4a-0e57-4584-8768-e757012615aa}</UniqueIdentifier>
    </Filter>
    <Filter Include="3rdParty\Recast\Detour">
      <UniqueIdentifier>{48ebf52d-14f8-42ce-a96b-caee03229304}</UniqueIdentifier>
    </Filter>
    <Filter Include="3rdParty\Recast\DebugUtils">
      <UniqueIdentifier>{5446d01a-88c7-4c9d-b209-9e5e917bd139}</UniqueIdentifier>
    </Filter>
    <Filter Include="3rdParty\detours">
      <UniqueIdentifier>{a04e1269-3576-4086-b1d8-278ef9829af6}</UniqueIdentifier>
    </Filter>
    <Filter Include="Miscellaneous">
      <UniqueIdentifier>{a306b4d7-8a57-480e-8632-1435af31257d}</UniqueIdentifier>
    </Filter>
    <Filter Include="Dll">
      <UniqueIdentifier>{93b3626c-940a-477d-a1e8-f2bceb73fccb}</UniqueIdentifier>
    </Filter>
    <Filter Include="_Build">
      <UniqueIdentifier>{69469551-3cce-4e2a-8a0b-2c54d8f572a2}</UniqueIdentifier>
    </Filter>
    <Filter Include="RemoteDebug">
      <UniqueIdentifier>{13065e1d-94ef-4870-80e5-0200fd2708ba}</UniqueIdentifier>
    </Filter>
  </ItemGroup>
  <ItemGroup>
    <ClCompile Include="..\..\..\Common\Client.cpp">
      <Filter>Core</Filter>
    </ClCompile>
    <ClCompile Include="..\..\..\Common\IGame.cpp">
      <Filter>Core</Filter>
    </ClCompile>
    <ClCompile Include="..\..\..\Common\IGameManager.cpp">
      <Filter>Core</Filter>
    </ClCompile>
    <ClCompile Include="..\..\..\Common\BlackBoard.cpp">
      <Filter>Core\Blackboard</Filter>
    </ClCompile>
    <ClCompile Include="..\..\..\Common\BlackBoardItems.cpp">
      <Filter>Core\Blackboard</Filter>
    </ClCompile>
    <ClCompile Include="..\..\..\Common\DebugWindow.cpp">
      <Filter>Core\DebugConsole</Filter>
    </ClCompile>
    <ClCompile Include="..\..\..\Common\RenderOverlay.cpp">
      <Filter>Core\DebugConsole</Filter>
    </ClCompile>
    <ClCompile Include="..\..\..\Common\RenderOverlayGame.cpp">
      <Filter>Core\DebugConsole</Filter>
    </ClCompile>
    <ClCompile Include="..\..\..\Common\RenderOverlayOpenGL.cpp">
      <Filter>Core\DebugConsole</Filter>
    </ClCompile>
    <ClCompile Include="..\..\..\Common\EventReciever.cpp">
      <Filter>Core\EventReciever</Filter>
    </ClCompile>
    <ClCompile Include="..\..\..\Common\GoalManager.cpp">
      <Filter>Core\Goals</Filter>
    </ClCompile>
    <ClCompile Include="..\..\..\Common\MapGoal.cpp">
      <Filter>Core\MapGoals</Filter>
    </ClCompile>
    <ClCompile Include="..\..\..\Common\MapGoalDatabase.cpp">
      <Filter>Core\MapGoals</Filter>
    </ClCompile>
    <ClCompile Include="..\..\..\Common\NavigationManager.cpp">
      <Filter>Core\Navigation</Filter>
    </ClCompile>
    <ClCompile Include="..\..\..\Common\Path.cpp">
      <Filter>Core\Navigation</Filter>
    </ClCompile>
    <ClCompile Include="..\..\..\Common\PathPlannerBase.cpp">
      <Filter>Core\Navigation</Filter>
    </ClCompile>
    <ClCompile Include="..\..\..\Common\PathPlannerWaypoint.cpp">
      <Filter>Core\Navigation\PathPlannerWaypoint</Filter>
    </ClCompile>
    <ClCompile Include="..\..\..\Common\PathPlannerWaypointCmds.cpp">
      <Filter>Core\Navigation\PathPlannerWaypoint</Filter>
    </ClCompile>
    <ClCompile Include="..\..\..\Common\PathPlannerWaypointScript.cpp">
      <Filter>Core\Navigation\PathPlannerWaypoint</Filter>
    </ClCompile>
    <ClCompile Include="..\..\..\Common\Waypoint.cpp">
      <Filter>Core\Navigation\PathPlannerWaypoint</Filter>
    </ClCompile>
    <ClCompile Include="..\..\..\Common\WaypointSerializer_V1.cpp">
      <Filter>Core\Navigation\PathPlannerWaypoint</Filter>
    </ClCompile>
    <ClCompile Include="..\..\..\Common\WaypointSerializer_V2.cpp">
      <Filter>Core\Navigation\PathPlannerWaypoint</Filter>
    </ClCompile>
    <ClCompile Include="..\..\..\Common\WaypointSerializer_V3.cpp">
      <Filter>Core\Navigation\PathPlannerWaypoint</Filter>
    </ClCompile>
    <ClCompile Include="..\..\..\Common\WaypointSerializer_V4.cpp">
      <Filter>Core\Navigation\PathPlannerWaypoint</Filter>
    </ClCompile>
    <ClCompile Include="..\..\..\Common\WaypointSerializer_V5.cpp">
      <Filter>Core\Navigation\PathPlannerWaypoint</Filter>
    </ClCompile>
    <ClCompile Include="..\..\..\Common\WaypointSerializer_V6.cpp">
      <Filter>Core\Navigation\PathPlannerWaypoint</Filter>
    </ClCompile>
    <ClCompile Include="..\..\..\Common\WaypointSerializer_V7.cpp">
      <Filter>Core\Navigation\PathPlannerWaypoint</Filter>
    </ClCompile>
    <ClCompile Include="..\..\..\Common\WaypointSerializer_V9.cpp">
      <Filter>Core\Navigation\PathPlannerWaypoint</Filter>
    </ClCompile>
    <ClCompile Include="..\..\..\Common\PathPlannerNavMesh.cpp">
      <Filter>Core\Navigation\PathPlannerNavMesh</Filter>
    </ClCompile>
    <ClCompile Include="..\..\..\Common\PathPlannerNavMeshBuilder.cpp">
      <Filter>Core\Navigation\PathPlannerNavMesh</Filter>
    </ClCompile>
    <ClCompile Include="..\..\..\Common\PathPlannerNavMeshCmds.cpp">
      <Filter>Core\Navigation\PathPlannerNavMesh</Filter>
    </ClCompile>
    <ClCompile Include="..\..\..\Common\PathPlannerNavMeshScript.cpp">
      <Filter>Core\Navigation\PathPlannerNavMesh</Filter>
    </ClCompile>
    <ClCompile Include="..\..\..\Common\PathPlannerFloodFill.cpp">
      <Filter>Core\Navigation\PathPlannerFloodFill</Filter>
    </ClCompile>
    <ClCompile Include="..\..\..\Common\PathPlannerFloodFillBuilder.cpp">
      <Filter>Core\Navigation\PathPlannerFloodFill</Filter>
    </ClCompile>
    <ClCompile Include="..\..\..\Common\PathPlannerFloodFillCmds.cpp">
      <Filter>Core\Navigation\PathPlannerFloodFill</Filter>
    </ClCompile>
    <ClCompile Include="..\..\..\Common\PathPlannerFloodFillScript.cpp">
      <Filter>Core\Navigation\PathPlannerFloodFill</Filter>
    </ClCompile>
    <ClCompile Include="..\..\..\Common\PathPlannerRecast.cpp">
      <Filter>Core\Navigation\PathPlannerRecast</Filter>
    </ClCompile>
    <ClCompile Include="..\..\..\Common\PathPlannerRecastCmds.cpp">
      <Filter>Core\Navigation\PathPlannerRecast</Filter>
    </ClCompile>
    <ClCompile Include="..\..\..\Common\PathPlannerRecastScript.cpp">
      <Filter>Core\Navigation\PathPlannerRecast</Filter>
    </ClCompile>
    <ClCompile Include="..\..\..\Common\gmAABB.cpp">
      <Filter>Core\Scripting</Filter>
    </ClCompile>
    <ClCompile Include="..\..\..\Common\gmBot.cpp">
      <Filter>Core\Scripting</Filter>
    </ClCompile>
    <ClCompile Include="..\..\..\Common\gmBotLibrary.cpp">
      <Filter>Core\Scripting</Filter>
    </ClCompile>
    <ClCompile Include="..\..\..\Common\gmDebugWindow.cpp">
      <Filter>Core\Scripting</Filter>
    </ClCompile>
    <ClCompile Include="..\..\..\Common\gmGameEntity.cpp">
      <Filter>Core\Scripting</Filter>
    </ClCompile>
    <ClCompile Include="..\..\..\Common\gmMathLibrary.cpp">
      <Filter>Core\Scripting</Filter>
    </ClCompile>
    <ClCompile Include="..\..\..\Common\gmMatrix3.cpp">
      <Filter>Core\Scripting</Filter>
    </ClCompile>
    <ClCompile Include="..\..\..\Common\gmNamesList.cpp">
      <Filter>Core\Scripting</Filter>
    </ClCompile>
    <ClCompile Include="..\..\..\Common\gmScriptGoal.cpp">
      <Filter>Core\Scripting</Filter>
    </ClCompile>
    <ClCompile Include="..\..\..\Common\gmSystemLibApp.cpp">
      <Filter>Core\Scripting</Filter>
    </ClCompile>
    <ClCompile Include="..\..\..\Common\gmTargetInfo.cpp">
      <Filter>Core\Scripting</Filter>
    </ClCompile>
    <ClCompile Include="..\..\..\Common\gmTimer.cpp">
      <Filter>Core\Scripting</Filter>
    </ClCompile>
    <ClCompile Include="..\..\..\Common\gmTriggerInfo.cpp">
      <Filter>Core\Scripting</Filter>
    </ClCompile>
    <ClCompile Include="..\..\..\Common\gmUtilityLib.cpp">
      <Filter>Core\Scripting</Filter>
    </ClCompile>
    <ClCompile Include="..\..\..\Common\ScriptManager.cpp">
      <Filter>Core\Scripting</Filter>
    </ClCompile>
    <ClCompile Include="..\..\..\Common\StateMachine.cpp">
      <Filter>Core\States</Filter>
    </ClCompile>
    <ClCompile Include="..\..\..\Common\BotBaseStates.cpp">
      <Filter>Core\States\States</Filter>
    </ClCompile>
    <ClCompile Include="..\..\..\Common\BotBaseStates_GM.cpp">
      <Filter>Core\States\States</Filter>
    </ClCompile>
    <ClCompile Include="..\..\..\Common\BotSensoryMemory.cpp">
      <Filter>Core\States\States</Filter>
    </ClCompile>
    <ClCompile Include="..\..\..\Common\BotSteeringSystem.cpp">
      <Filter>Core\States\States</Filter>
    </ClCompile>
    <ClCompile Include="..\..\..\Common\BotTargetingSystem.cpp">
      <Filter>Core\States\States</Filter>
    </ClCompile>
    <ClCompile Include="..\..\..\Common\BotWeaponSystem.cpp">
      <Filter>Core\States\States</Filter>
    </ClCompile>
    <ClCompile Include="..\..\..\Common\MemoryRecord.cpp">
      <Filter>Core\States\States</Filter>
    </ClCompile>
    <ClCompile Include="..\..\..\Common\ScriptGoal.cpp">
      <Filter>Core\States\States</Filter>
    </ClCompile>
    <ClCompile Include="..\..\..\Common\TargetInfo.cpp">
      <Filter>Core\States\States</Filter>
    </ClCompile>
    <ClCompile Include="..\..\..\Common\FilterAllType.cpp">
      <Filter>Core\States\States\SensoryFilters</Filter>
    </ClCompile>
    <ClCompile Include="..\..\..\Common\FilterClosest.cpp">
      <Filter>Core\States\States\SensoryFilters</Filter>
    </ClCompile>
    <ClCompile Include="..\..\..\Common\FilterSensory.cpp">
      <Filter>Core\States\States\SensoryFilters</Filter>
    </ClCompile>
    <ClCompile Include="..\..\..\Common\BotGlobalStates.cpp">
      <Filter>Core\States\Global</Filter>
    </ClCompile>
    <ClCompile Include="..\..\..\Common\Weapon.cpp">
      <Filter>Core\Weapons</Filter>
    </ClCompile>
    <ClCompile Include="..\..\..\Common\WeaponDatabase.cpp">
      <Filter>Core\Weapons</Filter>
    </ClCompile>
    <ClCompile Include="..\..\..\Common\obParser.cpp">
      <Filter>Core\Tools</Filter>
    </ClCompile>
    <ClCompile Include="..\..\..\dependencies\wildmagic\Wm3Math.cpp">
      <Filter>3rdParty\WildMagic\Math</Filter>
    </ClCompile>
    <ClCompile Include="..\..\..\dependencies\wildmagic\Wm3Matrix3.cpp">
      <Filter>3rdParty\WildMagic\Math</Filter>
    </ClCompile>
    <ClCompile Include="..\..\..\dependencies\wildmagic\Wm3Quaternion.cpp">
      <Filter>3rdParty\WildMagic\Math</Filter>
    </ClCompile>
    <ClCompile Include="..\..\..\dependencies\wildmagic\Wm3Vector2.cpp">
      <Filter>3rdParty\WildMagic\Math</Filter>
    </ClCompile>
    <ClCompile Include="..\..\..\dependencies\wildmagic\Wm3Vector3.cpp">
      <Filter>3rdParty\WildMagic\Math</Filter>
    </ClCompile>
    <ClCompile Include="..\..\..\dependencies\wildmagic\Wm3Distance.cpp">
      <Filter>3rdParty\WildMagic\Distance</Filter>
    </ClCompile>
    <ClCompile Include="..\..\..\dependencies\wildmagic\Wm3DistSegment3Segment3.cpp">
      <Filter>3rdParty\WildMagic\Distance</Filter>
    </ClCompile>
    <ClCompile Include="..\..\..\dependencies\wildmagic\Wm3DistVector3Ray3.cpp">
      <Filter>3rdParty\WildMagic\Distance</Filter>
    </ClCompile>
    <ClCompile Include="..\..\..\dependencies\wildmagic\Wm3DistVector3Segment3.cpp">
      <Filter>3rdParty\WildMagic\Distance</Filter>
    </ClCompile>
    <ClCompile Include="..\..\..\dependencies\wildmagic\Wm3ContBox3.cpp">
      <Filter>3rdParty\WildMagic\Containment</Filter>
    </ClCompile>
    <ClCompile Include="..\..\..\dependencies\wildmagic\Wm3Intersector.cpp">
      <Filter>3rdParty\WildMagic\Intersection</Filter>
    </ClCompile>
    <ClCompile Include="..\..\..\dependencies\wildmagic\Wm3IntrBox3Box3.cpp">
      <Filter>3rdParty\WildMagic\Intersection</Filter>
    </ClCompile>
    <ClCompile Include="..\..\..\dependencies\wildmagic\Wm3IntrLine3Box3.cpp">
      <Filter>3rdParty\WildMagic\Intersection</Filter>
    </ClCompile>
    <ClCompile Include="..\..\..\dependencies\wildmagic\Wm3IntrLine3Plane3.cpp">
      <Filter>3rdParty\WildMagic\Intersection</Filter>
    </ClCompile>
    <ClCompile Include="..\..\..\dependencies\wildmagic\Wm3IntrSegment3Box3.cpp">
      <Filter>3rdParty\WildMagic\Intersection</Filter>
    </ClCompile>
    <ClCompile Include="..\..\..\dependencies\wildmagic\Wm3IntrSegment3Plane3.cpp">
      <Filter>3rdParty\WildMagic\Intersection</Filter>
    </ClCompile>
    <ClCompile Include="..\..\..\dependencies\physfs\physfs.c">
      <Filter>3rdParty\physfs</Filter>
    </ClCompile>
    <ClCompile Include="..\..\..\dependencies\physfs\physfs_byteorder.c">
      <Filter>3rdParty\physfs</Filter>
    </ClCompile>
    <ClCompile Include="..\..\..\dependencies\physfs\physfs_unicode.c">
      <Filter>3rdParty\physfs</Filter>
    </ClCompile>
    <ClCompile Include="..\..\..\dependencies\physfs\archivers\dir.c">
      <Filter>3rdParty\physfs\archivers</Filter>
    </ClCompile>
    <ClCompile Include="..\..\..\dependencies\physfs\archivers\lzma.c">
      <Filter>3rdParty\physfs\archivers</Filter>
    </ClCompile>
    <ClCompile Include="..\..\..\dependencies\physfs\archivers\zip.c">
      <Filter>3rdParty\physfs\archivers</Filter>
    </ClCompile>
    <ClCompile Include="..\..\..\dependencies\physfs\lzma\C\7zCrc.c">
      <Filter>3rdParty\physfs\lzma</Filter>
    </ClCompile>
    <ClCompile Include="..\..\..\dependencies\physfs\lzma\C\7zCrcT8.c">
      <Filter>3rdParty\physfs\lzma</Filter>
    </ClCompile>
    <ClCompile Include="..\..\..\dependencies\physfs\lzma\C\Alloc.c">
      <Filter>3rdParty\physfs\lzma</Filter>
    </ClCompile>
    <ClCompile Include="..\..\..\dependencies\physfs\lzma\C\Sort.c">
      <Filter>3rdParty\physfs\lzma</Filter>
    </ClCompile>
    <ClCompile Include="..\..\..\dependencies\physfs\lzma\C\Archive\7z\7zAlloc.c">
      <Filter>3rdParty\physfs\lzma\Archive</Filter>
    </ClCompile>
    <ClCompile Include="..\..\..\dependencies\physfs\lzma\C\Archive\7z\7zBuffer.c">
      <Filter>3rdParty\physfs\lzma\Archive</Filter>
    </ClCompile>
    <ClCompile Include="..\..\..\dependencies\physfs\lzma\C\Archive\7z\7zDecode.c">
      <Filter>3rdParty\physfs\lzma\Archive</Filter>
    </ClCompile>
    <ClCompile Include="..\..\..\dependencies\physfs\lzma\C\Archive\7z\7zExtract.c">
      <Filter>3rdParty\physfs\lzma\Archive</Filter>
    </ClCompile>
    <ClCompile Include="..\..\..\dependencies\physfs\lzma\C\Archive\7z\7zHeader.c">
      <Filter>3rdParty\physfs\lzma\Archive</Filter>
    </ClCompile>
    <ClCompile Include="..\..\..\dependencies\physfs\lzma\C\Archive\7z\7zIn.c">
      <Filter>3rdParty\physfs\lzma\Archive</Filter>
    </ClCompile>
    <ClCompile Include="..\..\..\dependencies\physfs\lzma\C\Archive\7z\7zItem.c">
      <Filter>3rdParty\physfs\lzma\Archive</Filter>
    </ClCompile>
    <ClCompile Include="..\..\..\dependencies\physfs\lzma\C\Archive\7z\7zMain.c">
      <Filter>3rdParty\physfs\lzma\Archive</Filter>
    </ClCompile>
    <ClCompile Include="..\..\..\dependencies\physfs\lzma\C\Archive\7z\7zMethodID.c">
      <Filter>3rdParty\physfs\lzma\Archive</Filter>
    </ClCompile>
    <ClCompile Include="..\..\..\dependencies\physfs\lzma\C\Compress\Branch\BranchX86.c">
      <Filter>3rdParty\physfs\lzma\Compress\Branch</Filter>
    </ClCompile>
    <ClCompile Include="..\..\..\dependencies\physfs\lzma\C\Compress\Branch\BranchX86_2.c">
      <Filter>3rdParty\physfs\lzma\Compress\Branch</Filter>
    </ClCompile>
    <ClCompile Include="..\..\..\dependencies\physfs\lzma\C\Compress\Lzma\LzmaDecode.c">
      <Filter>3rdParty\physfs\lzma\Compress\Lzma</Filter>
    </ClCompile>
    <ClCompile Include="..\..\..\dependencies\physfs\lzma\C\Compress\Lzma\LzmaStateDecode.c">
      <Filter>3rdParty\physfs\lzma\Compress\Lzma</Filter>
    </ClCompile>
    <ClCompile Include="..\..\..\dependencies\physfs\lzma\C\Compress\Lzma\LzmaStateTest.c">
      <Filter>3rdParty\physfs\lzma\Compress\Lzma</Filter>
    </ClCompile>
    <ClCompile Include="..\..\..\dependencies\physfs\lzma\C\Compress\Lzma\LzmaTest.c">
      <Filter>3rdParty\physfs\lzma\Compress\Lzma</Filter>
    </ClCompile>
    <ClCompile Include="..\..\..\dependencies\physfs\platform\windows.c">
      <Filter>3rdParty\physfs\platform</Filter>
    </ClCompile>
    <ClCompile Include="..\..\..\dependencies\physfs\zlib123\adler32.c">
      <Filter>3rdParty\physfs\zlib123</Filter>
    </ClCompile>
    <ClCompile Include="..\..\..\dependencies\physfs\zlib123\compress.c">
      <Filter>3rdParty\physfs\zlib123</Filter>
    </ClCompile>
    <ClCompile Include="..\..\..\dependencies\physfs\zlib123\crc32.c">
      <Filter>3rdParty\physfs\zlib123</Filter>
    </ClCompile>
    <ClCompile Include="..\..\..\dependencies\physfs\zlib123\deflate.c">
      <Filter>3rdParty\physfs\zlib123</Filter>
    </ClCompile>
    <ClCompile Include="..\..\..\dependencies\physfs\zlib123\gzio.c">
      <Filter>3rdParty\physfs\zlib123</Filter>
    </ClCompile>
    <ClCompile Include="..\..\..\dependencies\physfs\zlib123\infback.c">
      <Filter>3rdParty\physfs\zlib123</Filter>
    </ClCompile>
    <ClCompile Include="..\..\..\dependencies\physfs\zlib123\inffast.c">
      <Filter>3rdParty\physfs\zlib123</Filter>
    </ClCompile>
    <ClCompile Include="..\..\..\dependencies\physfs\zlib123\inflate.c">
      <Filter>3rdParty\physfs\zlib123</Filter>
    </ClCompile>
    <ClCompile Include="..\..\..\dependencies\physfs\zlib123\inftrees.c">
      <Filter>3rdParty\physfs\zlib123</Filter>
    </ClCompile>
    <ClCompile Include="..\..\..\dependencies\physfs\zlib123\trees.c">
      <Filter>3rdParty\physfs\zlib123</Filter>
    </ClCompile>
    <ClCompile Include="..\..\..\dependencies\physfs\zlib123\uncompr.c">
      <Filter>3rdParty\physfs\zlib123</Filter>
    </ClCompile>
    <ClCompile Include="..\..\..\dependencies\physfs\zlib123\zutil.c">
      <Filter>3rdParty\physfs\zlib123</Filter>
    </ClCompile>
    <ClCompile Include="..\..\..\dependencies\iprof\prof_draw.c">
      <Filter>3rdParty\iprof</Filter>
    </ClCompile>
    <ClCompile Include="..\..\..\dependencies\iprof\prof_gather.c">
      <Filter>3rdParty\iprof</Filter>
    </ClCompile>
    <ClCompile Include="..\..\..\dependencies\iprof\prof_process.c">
      <Filter>3rdParty\iprof</Filter>
    </ClCompile>
    <ClCompile Include="..\..\..\dependencies\iprof\prof_win32.c">
      <Filter>3rdParty\iprof</Filter>
    </ClCompile>
    <ClCompile Include="..\..\..\dependencies\guichan-0.7.1\src\actionevent.cpp">
      <Filter>3rdParty\guichan</Filter>
    </ClCompile>
    <ClCompile Include="..\..\..\dependencies\guichan-0.7.1\src\basiccontainer.cpp">
      <Filter>3rdParty\guichan</Filter>
    </ClCompile>
    <ClCompile Include="..\..\..\dependencies\guichan-0.7.1\src\cliprectangle.cpp">
      <Filter>3rdParty\guichan</Filter>
    </ClCompile>
    <ClCompile Include="..\..\..\dependencies\guichan-0.7.1\src\color.cpp">
      <Filter>3rdParty\guichan</Filter>
    </ClCompile>
    <ClCompile Include="..\..\..\dependencies\guichan-0.7.1\src\defaultfont.cpp">
      <Filter>3rdParty\guichan</Filter>
    </ClCompile>
    <ClCompile Include="..\..\..\dependencies\guichan-0.7.1\src\event.cpp">
      <Filter>3rdParty\guichan</Filter>
    </ClCompile>
    <ClCompile Include="..\..\..\dependencies\guichan-0.7.1\src\exception.cpp">
      <Filter>3rdParty\guichan</Filter>
    </ClCompile>
    <ClCompile Include="..\..\..\dependencies\guichan-0.7.1\src\focushandler.cpp">
      <Filter>3rdParty\guichan</Filter>
    </ClCompile>
    <ClCompile Include="..\..\..\dependencies\guichan-0.7.1\src\font.cpp">
      <Filter>3rdParty\guichan</Filter>
    </ClCompile>
    <ClCompile Include="..\..\..\dependencies\guichan-0.7.1\src\genericinput.cpp">
      <Filter>3rdParty\guichan</Filter>
    </ClCompile>
    <ClCompile Include="..\..\..\dependencies\guichan-0.7.1\src\graphics.cpp">
      <Filter>3rdParty\guichan</Filter>
    </ClCompile>
    <ClCompile Include="..\..\..\dependencies\guichan-0.7.1\src\gui.cpp">
      <Filter>3rdParty\guichan</Filter>
    </ClCompile>
    <ClCompile Include="..\..\..\dependencies\guichan-0.7.1\src\guichan.cpp">
      <Filter>3rdParty\guichan</Filter>
    </ClCompile>
    <ClCompile Include="..\..\..\dependencies\guichan-0.7.1\src\image.cpp">
      <Filter>3rdParty\guichan</Filter>
    </ClCompile>
    <ClCompile Include="..\..\..\dependencies\guichan-0.7.1\src\imagefont.cpp">
      <Filter>3rdParty\guichan</Filter>
    </ClCompile>
    <ClCompile Include="..\..\..\dependencies\guichan-0.7.1\src\inputevent.cpp">
      <Filter>3rdParty\guichan</Filter>
    </ClCompile>
    <ClCompile Include="..\..\..\dependencies\guichan-0.7.1\src\key.cpp">
      <Filter>3rdParty\guichan</Filter>
    </ClCompile>
    <ClCompile Include="..\..\..\dependencies\guichan-0.7.1\src\keyevent.cpp">
      <Filter>3rdParty\guichan</Filter>
    </ClCompile>
    <ClCompile Include="..\..\..\dependencies\guichan-0.7.1\src\keyinput.cpp">
      <Filter>3rdParty\guichan</Filter>
    </ClCompile>
    <ClCompile Include="..\..\..\dependencies\guichan-0.7.1\src\mouseevent.cpp">
      <Filter>3rdParty\guichan</Filter>
    </ClCompile>
    <ClCompile Include="..\..\..\dependencies\guichan-0.7.1\src\mouseinput.cpp">
      <Filter>3rdParty\guichan</Filter>
    </ClCompile>
    <ClCompile Include="..\..\..\dependencies\guichan-0.7.1\src\rectangle.cpp">
      <Filter>3rdParty\guichan</Filter>
    </ClCompile>
    <ClCompile Include="..\..\..\dependencies\guichan-0.7.1\src\selectionevent.cpp">
      <Filter>3rdParty\guichan</Filter>
    </ClCompile>
    <ClCompile Include="..\..\..\dependencies\guichan-0.7.1\src\widget.cpp">
      <Filter>3rdParty\guichan</Filter>
    </ClCompile>
    <ClCompile Include="..\..\..\dependencies\guichan-0.7.1\src\opengl\opengl.cpp">
      <Filter>3rdParty\guichan\opengl</Filter>
    </ClCompile>
    <ClCompile Include="..\..\..\dependencies\guichan-0.7.1\src\opengl\openglgraphics.cpp">
      <Filter>3rdParty\guichan\opengl</Filter>
    </ClCompile>
    <ClCompile Include="..\..\..\dependencies\guichan-0.7.1\src\opengl\openglimage.cpp">
      <Filter>3rdParty\guichan\opengl</Filter>
    </ClCompile>
    <ClCompile Include="..\..\..\dependencies\guichan-0.7.1\addons\adjustingcontainer\adjustingcontainer.cpp">
      <Filter>3rdParty\guichan\widgets</Filter>
    </ClCompile>
    <ClCompile Include="..\..\..\dependencies\guichan-0.7.1\src\widgets\button.cpp">
      <Filter>3rdParty\guichan\widgets</Filter>
    </ClCompile>
    <ClCompile Include="..\..\..\dependencies\guichan-0.7.1\src\widgets\checkbox.cpp">
      <Filter>3rdParty\guichan\widgets</Filter>
    </ClCompile>
    <ClCompile Include="..\..\..\dependencies\guichan-0.7.1\src\widgets\container.cpp">
      <Filter>3rdParty\guichan\widgets</Filter>
    </ClCompile>
    <ClCompile Include="..\..\..\dependencies\guichan-0.7.1\src\widgets\dropdown.cpp">
      <Filter>3rdParty\guichan\widgets</Filter>
    </ClCompile>
    <ClCompile Include="..\..\..\dependencies\guichan-0.7.1\src\widgets\icon.cpp">
      <Filter>3rdParty\guichan\widgets</Filter>
    </ClCompile>
    <ClCompile Include="..\..\..\dependencies\guichan-0.7.1\src\widgets\imagebutton.cpp">
      <Filter>3rdParty\guichan\widgets</Filter>
    </ClCompile>
    <ClCompile Include="..\..\..\dependencies\guichan-0.7.1\src\widgets\label.cpp">
      <Filter>3rdParty\guichan\widgets</Filter>
    </ClCompile>
    <ClCompile Include="..\..\..\dependencies\guichan-0.7.1\src\widgets\listbox.cpp">
      <Filter>3rdParty\guichan\widgets</Filter>
    </ClCompile>
    <ClCompile Include="..\..\..\dependencies\guichan-0.7.1\addons\propertysheet\propertysheet.cpp">
      <Filter>3rdParty\guichan\widgets</Filter>
    </ClCompile>
    <ClCompile Include="..\..\..\dependencies\guichan-0.7.1\src\widgets\radiobutton.cpp">
      <Filter>3rdParty\guichan\widgets</Filter>
    </ClCompile>
    <ClCompile Include="..\..\..\dependencies\guichan-0.7.1\src\widgets\scrollarea.cpp">
      <Filter>3rdParty\guichan\widgets</Filter>
    </ClCompile>
    <ClCompile Include="..\..\..\dependencies\guichan-0.7.1\src\widgets\slider.cpp">
      <Filter>3rdParty\guichan\widgets</Filter>
    </ClCompile>
    <ClCompile Include="..\..\..\dependencies\guichan-0.7.1\src\widgets\tab.cpp">
      <Filter>3rdParty\guichan\widgets</Filter>
    </ClCompile>
    <ClCompile Include="..\..\..\dependencies\guichan-0.7.1\src\widgets\tabbedarea.cpp">
      <Filter>3rdParty\guichan\widgets</Filter>
    </ClCompile>
    <ClCompile Include="..\..\..\dependencies\guichan-0.7.1\src\widgets\textbox.cpp">
      <Filter>3rdParty\guichan\widgets</Filter>
    </ClCompile>
    <ClCompile Include="..\..\..\dependencies\guichan-0.7.1\src\widgets\textfield.cpp">
      <Filter>3rdParty\guichan\widgets</Filter>
    </ClCompile>
    <ClCompile Include="..\..\..\dependencies\guichan-0.7.1\src\widgets\window.cpp">
      <Filter>3rdParty\guichan\widgets</Filter>
    </ClCompile>
    <ClCompile Include="..\..\..\dependencies\guichan-0.7.1\src\sdl\sdl.cpp">
      <Filter>3rdParty\guichan\sdl</Filter>
    </ClCompile>
    <ClCompile Include="..\..\..\dependencies\guichan-0.7.1\src\sdl\sdlgraphics.cpp">
      <Filter>3rdParty\guichan\sdl</Filter>
    </ClCompile>
    <ClCompile Include="..\..\..\dependencies\guichan-0.7.1\src\sdl\sdlimage.cpp">
      <Filter>3rdParty\guichan\sdl</Filter>
    </ClCompile>
    <ClCompile Include="..\..\..\dependencies\guichan-0.7.1\src\sdl\sdlimageloader.cpp">
      <Filter>3rdParty\guichan\sdl</Filter>
    </ClCompile>
    <ClCompile Include="..\..\..\dependencies\guichan-0.7.1\src\sdl\sdlinput.cpp">
      <Filter>3rdParty\guichan\sdl</Filter>
    </ClCompile>
    <ClCompile Include="..\..\..\dependencies\guichan-0.7.1\src\sfml\sfml.cpp">
      <Filter>3rdParty\guichan\sfml</Filter>
    </ClCompile>
    <ClCompile Include="..\..\..\dependencies\guichan-0.7.1\src\sfml\sfmlimage.cpp">
      <Filter>3rdParty\guichan\sfml</Filter>
    </ClCompile>
    <ClCompile Include="..\..\..\dependencies\guichan-0.7.1\src\sfml\sfmlimageloader.cpp">
      <Filter>3rdParty\guichan\sfml</Filter>
    </ClCompile>
    <ClCompile Include="..\..\..\dependencies\guichan-0.7.1\src\sfml\sfmlinput.cpp">
      <Filter>3rdParty\guichan\sfml</Filter>
    </ClCompile>
    <ClCompile Include="..\..\..\dependencies\Recast\Recast\Source\Recast.cpp">
      <Filter>3rdParty\Recast\Recast</Filter>
    </ClCompile>
    <ClCompile Include="..\..\..\dependencies\Recast\Recast\Source\RecastArea.cpp">
      <Filter>3rdParty\Recast\Recast</Filter>
    </ClCompile>
    <ClCompile Include="..\..\..\dependencies\Recast\Recast\Source\RecastContour.cpp">
      <Filter>3rdParty\Recast\Recast</Filter>
    </ClCompile>
    <ClCompile Include="..\..\..\dependencies\Recast\Recast\Source\RecastFilter.cpp">
      <Filter>3rdParty\Recast\Recast</Filter>
    </ClCompile>
    <ClCompile Include="..\..\..\dependencies\Recast\Recast\Source\RecastMesh.cpp">
      <Filter>3rdParty\Recast\Recast</Filter>
    </ClCompile>
    <ClCompile Include="..\..\..\dependencies\Recast\Recast\Source\RecastMeshDetail.cpp">
      <Filter>3rdParty\Recast\Recast</Filter>
    </ClCompile>
    <ClCompile Include="..\..\..\dependencies\Recast\Recast\Source\RecastRasterization.cpp">
      <Filter>3rdParty\Recast\Recast</Filter>
    </ClCompile>
    <ClCompile Include="..\..\..\dependencies\Recast\Recast\Source\RecastRegion.cpp">
      <Filter>3rdParty\Recast\Recast</Filter>
    </ClCompile>
    <ClCompile Include="..\..\..\dependencies\Recast\Recast\Source\RecastTimer.cpp">
      <Filter>3rdParty\Recast\Recast</Filter>
    </ClCompile>
    <ClCompile Include="..\..\..\dependencies\Recast\Detour\Source\DetourCommon.cpp">
      <Filter>3rdParty\Recast\Detour</Filter>
    </ClCompile>
    <ClCompile Include="..\..\..\dependencies\Recast\Detour\Source\DetourNavMesh.cpp">
      <Filter>3rdParty\Recast\Detour</Filter>
    </ClCompile>
    <ClCompile Include="..\..\..\dependencies\Recast\Detour\Source\DetourNavMeshBuilder.cpp">
      <Filter>3rdParty\Recast\Detour</Filter>
    </ClCompile>
    <ClCompile Include="..\..\..\dependencies\Recast\Detour\Source\DetourNode.cpp">
      <Filter>3rdParty\Recast\Detour</Filter>
    </ClCompile>
    <ClCompile Include="..\..\..\dependencies\Recast\DebugUtils\Source\DebugDraw.cpp">
      <Filter>3rdParty\Recast\DebugUtils</Filter>
    </ClCompile>
    <ClCompile Include="..\..\..\dependencies\Recast\DebugUtils\Source\DetourDebugDraw.cpp">
      <Filter>3rdParty\Recast\DebugUtils</Filter>
    </ClCompile>
    <ClCompile Include="..\..\..\dependencies\Recast\DebugUtils\Source\RecastDebugDraw.cpp">
      <Filter>3rdParty\Recast\DebugUtils</Filter>
    </ClCompile>
    <ClCompile Include="..\..\..\dependencies\Recast\DebugUtils\Source\RecastDump.cpp">
      <Filter>3rdParty\Recast\DebugUtils</Filter>
    </ClCompile>
    <ClCompile Include="..\..\..\dependencies\Detours Express 2.1\src\creatwth.cpp">
      <Filter>3rdParty\detours</Filter>
    </ClCompile>
    <ClCompile Include="..\..\..\dependencies\Detours Express 2.1\src\detoured.cpp">
      <Filter>3rdParty\detours</Filter>
    </ClCompile>
    <ClCompile Include="..\..\..\dependencies\Detours Express 2.1\src\detours.cpp">
      <Filter>3rdParty\detours</Filter>
    </ClCompile>
    <ClCompile Include="..\..\..\dependencies\Detours Express 2.1\src\disasm.cpp">
      <Filter>3rdParty\detours</Filter>
    </ClCompile>
    <ClCompile Include="..\..\..\dependencies\Detours Express 2.1\src\image.cpp">
      <Filter>3rdParty\detours</Filter>
    </ClCompile>
    <ClCompile Include="..\..\..\dependencies\Detours Express 2.1\src\modules.cpp">
      <Filter>3rdParty\detours</Filter>
    </ClCompile>
    <ClCompile Include="..\..\..\Common\BotLoadLibrary.cpp">
      <Filter>Miscellaneous</Filter>
    </ClCompile>
    <ClCompile Include="..\..\..\Common\CallbackParameters.cpp">
      <Filter>Miscellaneous</Filter>
    </ClCompile>
    <ClCompile Include="..\..\..\Common\CommandReciever.cpp">
      <Filter>Miscellaneous</Filter>
    </ClCompile>
    <ClCompile Include="..\..\..\Common\Criteria.cpp">
      <Filter>Miscellaneous</Filter>
    </ClCompile>
    <ClCompile Include="..\..\..\Common\EngineFuncs.cpp">
      <Filter>Miscellaneous</Filter>
    </ClCompile>
    <ClCompile Include="..\..\..\Common\FileDownloader.cpp">
      <Filter>Miscellaneous</Filter>
    </ClCompile>
    <ClCompile Include="..\..\..\Common\FileSystem.cpp">
      <Filter>Miscellaneous</Filter>
    </ClCompile>
    <ClCompile Include="..\..\..\Common\InterfaceFuncs.cpp">
      <Filter>Miscellaneous</Filter>
    </ClCompile>
    <ClCompile Include="..\..\..\Common\Interprocess.cpp">
      <Filter>Miscellaneous</Filter>
    </ClCompile>
    <ClCompile Include="..\..\..\Common\KeyValueIni.cpp">
      <Filter>Miscellaneous</Filter>
    </ClCompile>
    <ClCompile Include="..\..\..\Common\Logger.cpp">
      <Filter>Miscellaneous</Filter>
    </ClCompile>
    <ClCompile Include="..\..\..\Common\mdump.cpp">
      <Filter>Miscellaneous</Filter>
    </ClCompile>
    <ClCompile Include="..\..\..\Common\NameManager.cpp">
      <Filter>Miscellaneous</Filter>
    </ClCompile>
    <ClCompile Include="..\..\..\Common\PrecompCommon.cpp">
      <Filter>Miscellaneous</Filter>
    </ClCompile>
    <ClCompile Include="..\..\..\Common\PropertyBinding.cpp">
      <Filter>Miscellaneous</Filter>
    </ClCompile>
    <ClCompile Include="..\..\..\Common\QuadTree.cpp">
      <Filter>Miscellaneous</Filter>
    </ClCompile>
    <ClCompile Include="..\..\..\Common\Regulator.cpp">
      <Filter>Miscellaneous</Filter>
    </ClCompile>
    <ClCompile Include="..\..\..\Common\Timer.cpp">
      <Filter>Miscellaneous</Filter>
    </ClCompile>
    <ClCompile Include="..\..\..\Common\Trajectory.cpp">
      <Filter>Miscellaneous</Filter>
    </ClCompile>
    <ClCompile Include="..\..\..\Common\TriggerManager.cpp">
      <Filter>Miscellaneous</Filter>
    </ClCompile>
    <ClCompile Include="..\..\..\Common\Utilities.cpp">
      <Filter>Miscellaneous</Filter>
    </ClCompile>
    <ClCompile Include="..\..\..\Common\BotExports.cpp">
      <Filter>Dll</Filter>
    </ClCompile>
    <ClCompile Include="..\..\..\Common\Omni-Bot.cpp">
      <Filter>Dll</Filter>
    </ClCompile>
    <ClCompile Include="..\..\..\Common\BatchBuildWin.cpp">
      <Filter>_Build</Filter>
    </ClCompile>
    <ClCompile Include="..\..\..\dependencies\Recast\Recast\Source\RecastAlloc.cpp">
      <Filter>3rdParty\Recast\Recast</Filter>
    </ClCompile>
    <ClCompile Include="..\..\..\..\Tools\RemoteDebugWindow\RemoteDebugLib\connection.cpp">
      <Filter>RemoteDebug</Filter>
    </ClCompile>
    <ClCompile Include="..\..\..\..\Tools\RemoteDebugWindow\RemoteDebugLib\dataBuffer.cpp">
      <Filter>RemoteDebug</Filter>
    </ClCompile>
    <ClCompile Include="..\..\..\..\Tools\RemoteDebugWindow\RemoteDebugLib\socket.cpp">
      <Filter>RemoteDebug</Filter>
    </ClCompile>
    <ClCompile Include="..\..\..\..\Tools\RemoteDebugWindow\RemoteDebugLib\systemLib.cpp">
      <Filter>RemoteDebug</Filter>
    </ClCompile>
    <ClCompile Include="..\..\..\dependencies\Recast\Detour\Source\DetourAlloc.cpp">
      <Filter>3rdParty\Recast\Detour</Filter>
    </ClCompile>
    <ClCompile Include="..\..\..\Common\RecastInterfaces.cpp">
      <Filter>3rdParty\Recast</Filter>
    </ClCompile>
    <ClCompile Include="..\..\..\dependencies\Recast\Detour\Source\DetourNavMeshQuery.cpp">
      <Filter>3rdParty\Recast\Detour</Filter>
    </ClCompile>
    <ClCompile Include="..\..\..\dependencies\Recast\Detour\Source\DetourObstacleAvoidance.cpp">
      <Filter>3rdParty\Recast\Detour</Filter>
    </ClCompile>
  </ItemGroup>
  <ItemGroup>
    <ClInclude Include="..\..\..\Common\Client.h">
      <Filter>Core</Filter>
    </ClInclude>
    <ClInclude Include="..\..\..\Common\Functions_Bot.h">
      <Filter>Core</Filter>
    </ClInclude>
    <ClInclude Include="..\..\..\Common\Functor.h">
      <Filter>Core</Filter>
    </ClInclude>
    <ClInclude Include="..\..\..\Common\IGame.h">
      <Filter>Core</Filter>
    </ClInclude>
    <ClInclude Include="..\..\..\Common\IGameManager.h">
      <Filter>Core</Filter>
    </ClInclude>
    <ClInclude Include="..\..\..\Common\NavigationFlags.h">
      <Filter>Core</Filter>
    </ClInclude>
    <ClInclude Include="..\..\..\Common\Omni-Bot.h">
      <Filter>Core</Filter>
    </ClInclude>
    <ClInclude Include="..\..\..\Common\Omni-Bot_BasicTypes.h">
      <Filter>Core</Filter>
    </ClInclude>
    <ClInclude Include="..\..\..\Common\Omni-Bot_BitFlags.h">
      <Filter>Core</Filter>
    </ClInclude>
    <ClInclude Include="..\..\..\Common\Omni-Bot_Events.h">
      <Filter>Core</Filter>
    </ClInclude>
    <ClInclude Include="..\..\..\Common\Omni-Bot_Types.h">
      <Filter>Core</Filter>
    </ClInclude>
    <ClInclude Include="..\..\..\Common\BlackBoard.h">
      <Filter>Core\Blackboard</Filter>
    </ClInclude>
    <ClInclude Include="..\..\..\Common\BlackBoardItems.h">
      <Filter>Core\Blackboard</Filter>
    </ClInclude>
    <ClInclude Include="..\..\..\Common\DebugWindow.h">
      <Filter>Core\DebugConsole</Filter>
    </ClInclude>
    <ClInclude Include="..\..\..\Common\RenderOverlay.h">
      <Filter>Core\DebugConsole</Filter>
    </ClInclude>
    <ClInclude Include="..\..\..\Common\EventReciever.h">
      <Filter>Core\EventReciever</Filter>
    </ClInclude>
    <ClInclude Include="..\..\..\Common\GoalManager.h">
      <Filter>Core\Goals</Filter>
    </ClInclude>
    <ClInclude Include="..\..\..\Common\MapGoal.h">
      <Filter>Core\MapGoals</Filter>
    </ClInclude>
    <ClInclude Include="..\..\..\Common\MapGoalDatabase.h">
      <Filter>Core\MapGoals</Filter>
    </ClInclude>
    <ClInclude Include="..\..\..\Common\Base_Messages.h">
      <Filter>Core\Messages</Filter>
    </ClInclude>
    <ClInclude Include="..\..\..\Common\MessageHelper.h">
      <Filter>Core\Messages</Filter>
    </ClInclude>
    <ClInclude Include="..\..\..\Common\NavigationManager.h">
      <Filter>Core\Navigation</Filter>
    </ClInclude>
    <ClInclude Include="..\..\..\Common\Path.h">
      <Filter>Core\Navigation</Filter>
    </ClInclude>
    <ClInclude Include="..\..\..\Common\PathPlannerBase.h">
      <Filter>Core\Navigation</Filter>
    </ClInclude>
    <ClInclude Include="..\..\..\Common\PathPlannerWaypoint.h">
      <Filter>Core\Navigation\PathPlannerWaypoint</Filter>
    </ClInclude>
    <ClInclude Include="..\..\..\Common\Waypoint.h">
      <Filter>Core\Navigation\PathPlannerWaypoint</Filter>
    </ClInclude>
    <ClInclude Include="..\..\..\Common\WaypointSerializer_V1.h">
      <Filter>Core\Navigation\PathPlannerWaypoint</Filter>
    </ClInclude>
    <ClInclude Include="..\..\..\Common\WaypointSerializer_V2.h">
      <Filter>Core\Navigation\PathPlannerWaypoint</Filter>
    </ClInclude>
    <ClInclude Include="..\..\..\Common\WaypointSerializer_V3.h">
      <Filter>Core\Navigation\PathPlannerWaypoint</Filter>
    </ClInclude>
    <ClInclude Include="..\..\..\Common\WaypointSerializer_V4.h">
      <Filter>Core\Navigation\PathPlannerWaypoint</Filter>
    </ClInclude>
    <ClInclude Include="..\..\..\Common\WaypointSerializer_V5.h">
      <Filter>Core\Navigation\PathPlannerWaypoint</Filter>
    </ClInclude>
    <ClInclude Include="..\..\..\Common\WaypointSerializer_V6.h">
      <Filter>Core\Navigation\PathPlannerWaypoint</Filter>
    </ClInclude>
    <ClInclude Include="..\..\..\Common\WaypointSerializer_V7.h">
      <Filter>Core\Navigation\PathPlannerWaypoint</Filter>
    </ClInclude>
    <ClInclude Include="..\..\..\Common\WaypointSerializer_V9.h">
      <Filter>Core\Navigation\PathPlannerWaypoint</Filter>
    </ClInclude>
    <ClInclude Include="..\..\..\Common\WaypointSerializerImp.h">
      <Filter>Core\Navigation\PathPlannerWaypoint</Filter>
    </ClInclude>
    <ClInclude Include="..\..\..\Common\PathPlannerNavMesh.h">
      <Filter>Core\Navigation\PathPlannerNavMesh</Filter>
    </ClInclude>
    <ClInclude Include="..\..\..\Common\PathPlannerFloodFill.h">
      <Filter>Core\Navigation\PathPlannerFloodFill</Filter>
    </ClInclude>
    <ClInclude Include="..\..\..\Common\PathPlannerRecast.h">
      <Filter>Core\Navigation\PathPlannerRecast</Filter>
    </ClInclude>
    <ClInclude Include="..\..\..\Common\gmAABB.h">
      <Filter>Core\Scripting</Filter>
    </ClInclude>
    <ClInclude Include="..\..\..\Common\gmBind.h">
      <Filter>Core\Scripting</Filter>
    </ClInclude>
    <ClInclude Include="..\..\..\Common\gmBot.h">
      <Filter>Core\Scripting</Filter>
    </ClInclude>
    <ClInclude Include="..\..\..\Common\gmBotLibrary.h">
      <Filter>Core\Scripting</Filter>
    </ClInclude>
    <ClInclude Include="..\..\..\Common\gmDebugWindow.h">
      <Filter>Core\Scripting</Filter>
    </ClInclude>
    <ClInclude Include="..\..\..\Common\gmGameEntity.h">
      <Filter>Core\Scripting</Filter>
    </ClInclude>
    <ClInclude Include="..\..\..\Common\gmMathLibrary.h">
      <Filter>Core\Scripting</Filter>
    </ClInclude>
    <ClInclude Include="..\..\..\Common\gmMatrix3.h">
      <Filter>Core\Scripting</Filter>
    </ClInclude>
    <ClInclude Include="..\..\..\Common\gmNamesList.h">
      <Filter>Core\Scripting</Filter>
    </ClInclude>
    <ClInclude Include="..\..\..\Common\gmScriptGoal.h">
      <Filter>Core\Scripting</Filter>
    </ClInclude>
    <ClInclude Include="..\..\..\Common\gmSystemLibApp.h">
      <Filter>Core\Scripting</Filter>
    </ClInclude>
    <ClInclude Include="..\..\..\Common\gmTargetInfo.h">
      <Filter>Core\Scripting</Filter>
    </ClInclude>
    <ClInclude Include="..\..\..\Common\gmTimer.h">
      <Filter>Core\Scripting</Filter>
    </ClInclude>
    <ClInclude Include="..\..\..\Common\gmTriggerInfo.h">
      <Filter>Core\Scripting</Filter>
    </ClInclude>
    <ClInclude Include="..\..\..\Common\gmUtilityLib.h">
      <Filter>Core\Scripting</Filter>
    </ClInclude>
    <ClInclude Include="..\..\..\Common\ScriptManager.h">
      <Filter>Core\Scripting</Filter>
    </ClInclude>
    <ClInclude Include="..\..\..\Common\StateMachine.h">
      <Filter>Core\States</Filter>
    </ClInclude>
    <ClInclude Include="..\..\..\Common\BotBaseStates.h">
      <Filter>Core\States\States</Filter>
    </ClInclude>
    <ClInclude Include="..\..\..\Common\BotSensoryMemory.h">
      <Filter>Core\States\States</Filter>
    </ClInclude>
    <ClInclude Include="..\..\..\Common\BotSteeringSystem.h">
      <Filter>Core\States\States</Filter>
    </ClInclude>
    <ClInclude Include="..\..\..\Common\BotTargetingSystem.h">
      <Filter>Core\States\States</Filter>
    </ClInclude>
    <ClInclude Include="..\..\..\Common\BotWeaponSystem.h">
      <Filter>Core\States\States</Filter>
    </ClInclude>
    <ClInclude Include="..\..\..\Common\MemoryRecord.h">
      <Filter>Core\States\States</Filter>
    </ClInclude>
    <ClInclude Include="..\..\..\Common\ScriptGoal.h">
      <Filter>Core\States\States</Filter>
    </ClInclude>
    <ClInclude Include="..\..\..\Common\TargetInfo.h">
      <Filter>Core\States\States</Filter>
    </ClInclude>
    <ClInclude Include="..\..\..\Common\FilterAllType.h">
      <Filter>Core\States\States\SensoryFilters</Filter>
    </ClInclude>
    <ClInclude Include="..\..\..\Common\FilterClosest.h">
      <Filter>Core\States\States\SensoryFilters</Filter>
    </ClInclude>
    <ClInclude Include="..\..\..\Common\FilterSensory.h">
      <Filter>Core\States\States\SensoryFilters</Filter>
    </ClInclude>
    <ClInclude Include="..\..\..\Common\BotGlobalStates.h">
      <Filter>Core\States\Global</Filter>
    </ClInclude>
    <ClInclude Include="..\..\..\Common\Weapon.h">
      <Filter>Core\Weapons</Filter>
    </ClInclude>
    <ClInclude Include="..\..\..\Common\WeaponDatabase.h">
      <Filter>Core\Weapons</Filter>
    </ClInclude>
    <ClInclude Include="..\..\..\dependencies\wildmagic\WildMagic3Math.h">
      <Filter>3rdParty\WildMagic\Math</Filter>
    </ClInclude>
    <ClInclude Include="..\..\..\dependencies\wildmagic\Wm3Box3.h">
      <Filter>3rdParty\WildMagic\Math</Filter>
    </ClInclude>
    <ClInclude Include="..\..\..\dependencies\wildmagic\Wm3LinComp.h">
      <Filter>3rdParty\WildMagic\Math</Filter>
    </ClInclude>
    <ClInclude Include="..\..\..\dependencies\wildmagic\wm3line3.h">
      <Filter>3rdParty\WildMagic\Math</Filter>
    </ClInclude>
    <ClInclude Include="..\..\..\dependencies\wildmagic\Wm3Math.h">
      <Filter>3rdParty\WildMagic\Math</Filter>
    </ClInclude>
    <ClInclude Include="..\..\..\dependencies\wildmagic\Wm3Matrix3.h">
      <Filter>3rdParty\WildMagic\Math</Filter>
    </ClInclude>
    <ClInclude Include="..\..\..\dependencies\wildmagic\Wm3Plane3.h">
      <Filter>3rdParty\WildMagic\Math</Filter>
    </ClInclude>
    <ClInclude Include="..\..\..\dependencies\wildmagic\Wm3Quaternion.h">
      <Filter>3rdParty\WildMagic\Math</Filter>
    </ClInclude>
    <ClInclude Include="..\..\..\dependencies\wildmagic\Wm3Ray3.h">
      <Filter>3rdParty\WildMagic\Math</Filter>
    </ClInclude>
    <ClInclude Include="..\..\..\dependencies\wildmagic\Wm3Segment3.h">
      <Filter>3rdParty\WildMagic\Math</Filter>
    </ClInclude>
    <ClInclude Include="..\..\..\dependencies\wildmagic\Wm3Vector2.h">
      <Filter>3rdParty\WildMagic\Math</Filter>
    </ClInclude>
    <ClInclude Include="..\..\..\dependencies\wildmagic\Wm3Vector3.h">
      <Filter>3rdParty\WildMagic\Math</Filter>
    </ClInclude>
    <ClInclude Include="..\..\..\dependencies\wildmagic\WildMagic3Distance.h">
      <Filter>3rdParty\WildMagic\Distance</Filter>
    </ClInclude>
    <ClInclude Include="..\..\..\dependencies\wildmagic\Wm3Distance.h">
      <Filter>3rdParty\WildMagic\Distance</Filter>
    </ClInclude>
    <ClInclude Include="..\..\..\dependencies\wildmagic\Wm3DistSegment3Segment3.h">
      <Filter>3rdParty\WildMagic\Distance</Filter>
    </ClInclude>
    <ClInclude Include="..\..\..\dependencies\wildmagic\Wm3DistVector3Ray3.h">
      <Filter>3rdParty\WildMagic\Distance</Filter>
    </ClInclude>
    <ClInclude Include="..\..\..\dependencies\wildmagic\Wm3DistVector3Segment3.h">
      <Filter>3rdParty\WildMagic\Distance</Filter>
    </ClInclude>
    <ClInclude Include="..\..\..\dependencies\wildmagic\WildMagic3Containment.h">
      <Filter>3rdParty\WildMagic\Containment</Filter>
    </ClInclude>
    <ClInclude Include="..\..\..\dependencies\wildmagic\Wm3ContBox3.h">
      <Filter>3rdParty\WildMagic\Containment</Filter>
    </ClInclude>
    <ClInclude Include="..\..\..\dependencies\wildmagic\Wm3Intersector.h">
      <Filter>3rdParty\WildMagic\Intersection</Filter>
    </ClInclude>
    <ClInclude Include="..\..\..\dependencies\wildmagic\Wm3IntrBox3Box3.h">
      <Filter>3rdParty\WildMagic\Intersection</Filter>
    </ClInclude>
    <ClInclude Include="..\..\..\dependencies\wildmagic\Wm3IntrLine3Box3.h">
      <Filter>3rdParty\WildMagic\Intersection</Filter>
    </ClInclude>
    <ClInclude Include="..\..\..\dependencies\wildmagic\Wm3IntrLine3Plane3.h">
      <Filter>3rdParty\WildMagic\Intersection</Filter>
    </ClInclude>
    <ClInclude Include="..\..\..\dependencies\wildmagic\Wm3IntrPlane3Plane3.h">
      <Filter>3rdParty\WildMagic\Intersection</Filter>
    </ClInclude>
    <ClInclude Include="..\..\..\dependencies\wildmagic\Wm3IntrSegment3Box3.h">
      <Filter>3rdParty\WildMagic\Intersection</Filter>
    </ClInclude>
    <ClInclude Include="..\..\..\dependencies\wildmagic\Wm3IntrSegment3Plane3.h">
      <Filter>3rdParty\WildMagic\Intersection</Filter>
    </ClInclude>
    <ClInclude Include="..\..\..\dependencies\physfs\physfs.h">
      <Filter>3rdParty\physfs</Filter>
    </ClInclude>
    <ClInclude Include="..\..\..\dependencies\physfs\physfs_casefolding.h">
      <Filter>3rdParty\physfs</Filter>
    </ClInclude>
    <ClInclude Include="..\..\..\dependencies\physfs\physfs_internal.h">
      <Filter>3rdParty\physfs</Filter>
    </ClInclude>
    <ClInclude Include="..\..\..\dependencies\physfs\physfs_platforms.h">
      <Filter>3rdParty\physfs</Filter>
    </ClInclude>
    <ClInclude Include="..\..\..\dependencies\physfs\lzma\C\7zCrc.h">
      <Filter>3rdParty\physfs\lzma</Filter>
    </ClInclude>
    <ClInclude Include="..\..\..\dependencies\physfs\lzma\C\Alloc.h">
      <Filter>3rdParty\physfs\lzma</Filter>
    </ClInclude>
    <ClInclude Include="..\..\..\dependencies\physfs\lzma\C\CpuArch.h">
      <Filter>3rdParty\physfs\lzma</Filter>
    </ClInclude>
    <ClInclude Include="..\..\..\dependencies\physfs\lzma\C\IStream.h">
      <Filter>3rdParty\physfs\lzma</Filter>
    </ClInclude>
    <ClInclude Include="..\..\..\dependencies\physfs\lzma\C\Sort.h">
      <Filter>3rdParty\physfs\lzma</Filter>
    </ClInclude>
    <ClInclude Include="..\..\..\dependencies\physfs\lzma\C\Types.h">
      <Filter>3rdParty\physfs\lzma</Filter>
    </ClInclude>
    <ClInclude Include="..\..\..\dependencies\physfs\lzma\C\Archive\7z\7zAlloc.h">
      <Filter>3rdParty\physfs\lzma\Archive</Filter>
    </ClInclude>
    <ClInclude Include="..\..\..\dependencies\physfs\lzma\C\Archive\7z\7zBuffer.h">
      <Filter>3rdParty\physfs\lzma\Archive</Filter>
    </ClInclude>
    <ClInclude Include="..\..\..\dependencies\physfs\lzma\C\Archive\7z\7zDecode.h">
      <Filter>3rdParty\physfs\lzma\Archive</Filter>
    </ClInclude>
    <ClInclude Include="..\..\..\dependencies\physfs\lzma\C\Archive\7z\7zExtract.h">
      <Filter>3rdParty\physfs\lzma\Archive</Filter>
    </ClInclude>
    <ClInclude Include="..\..\..\dependencies\physfs\lzma\C\Archive\7z\7zHeader.h">
      <Filter>3rdParty\physfs\lzma\Archive</Filter>
    </ClInclude>
    <ClInclude Include="..\..\..\dependencies\physfs\lzma\C\Archive\7z\7zIn.h">
      <Filter>3rdParty\physfs\lzma\Archive</Filter>
    </ClInclude>
    <ClInclude Include="..\..\..\dependencies\physfs\lzma\C\Archive\7z\7zItem.h">
      <Filter>3rdParty\physfs\lzma\Archive</Filter>
    </ClInclude>
    <ClInclude Include="..\..\..\dependencies\physfs\lzma\C\Archive\7z\7zMethodID.h">
      <Filter>3rdParty\physfs\lzma\Archive</Filter>
    </ClInclude>
    <ClInclude Include="..\..\..\dependencies\physfs\lzma\C\Compress\Branch\BranchX86.h">
      <Filter>3rdParty\physfs\lzma\Compress\Branch</Filter>
    </ClInclude>
    <ClInclude Include="..\..\..\dependencies\physfs\lzma\C\Compress\Branch\BranchX86_2.h">
      <Filter>3rdParty\physfs\lzma\Compress\Branch</Filter>
    </ClInclude>
    <ClInclude Include="..\..\..\dependencies\physfs\lzma\C\Compress\Lzma\LzmaDecode.h">
      <Filter>3rdParty\physfs\lzma\Compress\Lzma</Filter>
    </ClInclude>
    <ClInclude Include="..\..\..\dependencies\physfs\lzma\C\Compress\Lzma\LzmaStateDecode.h">
      <Filter>3rdParty\physfs\lzma\Compress\Lzma</Filter>
    </ClInclude>
    <ClInclude Include="..\..\..\dependencies\physfs\lzma\C\Compress\Lzma\LzmaTypes.h">
      <Filter>3rdParty\physfs\lzma\Compress\Lzma</Filter>
    </ClInclude>
    <ClInclude Include="..\..\..\dependencies\physfs\zlib123\crc32.h">
      <Filter>3rdParty\physfs\zlib123</Filter>
    </ClInclude>
    <ClInclude Include="..\..\..\dependencies\physfs\zlib123\deflate.h">
      <Filter>3rdParty\physfs\zlib123</Filter>
    </ClInclude>
    <ClInclude Include="..\..\..\dependencies\physfs\zlib123\inffast.h">
      <Filter>3rdParty\physfs\zlib123</Filter>
    </ClInclude>
    <ClInclude Include="..\..\..\dependencies\physfs\zlib123\inffixed.h">
      <Filter>3rdParty\physfs\zlib123</Filter>
    </ClInclude>
    <ClInclude Include="..\..\..\dependencies\physfs\zlib123\inflate.h">
      <Filter>3rdParty\physfs\zlib123</Filter>
    </ClInclude>
    <ClInclude Include="..\..\..\dependencies\physfs\zlib123\inftrees.h">
      <Filter>3rdParty\physfs\zlib123</Filter>
    </ClInclude>
    <ClInclude Include="..\..\..\dependencies\physfs\zlib123\trees.h">
      <Filter>3rdParty\physfs\zlib123</Filter>
    </ClInclude>
    <ClInclude Include="..\..\..\dependencies\physfs\zlib123\zconf.h">
      <Filter>3rdParty\physfs\zlib123</Filter>
    </ClInclude>
    <ClInclude Include="..\..\..\dependencies\physfs\zlib123\zlib.h">
      <Filter>3rdParty\physfs\zlib123</Filter>
    </ClInclude>
    <ClInclude Include="..\..\..\dependencies\physfs\zlib123\zutil.h">
      <Filter>3rdParty\physfs\zlib123</Filter>
    </ClInclude>
    <ClInclude Include="..\..\..\dependencies\iprof\prof.h">
      <Filter>3rdParty\iprof</Filter>
    </ClInclude>
    <ClInclude Include="..\..\..\dependencies\iprof\prof_gather.h">
      <Filter>3rdParty\iprof</Filter>
    </ClInclude>
    <ClInclude Include="..\..\..\dependencies\iprof\prof_internal.h">
      <Filter>3rdParty\iprof</Filter>
    </ClInclude>
    <ClInclude Include="..\..\..\dependencies\iprof\prof_win32.h">
      <Filter>3rdParty\iprof</Filter>
    </ClInclude>
    <ClInclude Include="..\..\..\dependencies\guichan-0.7.1\include\guichan\actionevent.hpp">
      <Filter>3rdParty\guichan</Filter>
    </ClInclude>
    <ClInclude Include="..\..\..\dependencies\guichan-0.7.1\include\guichan\actionlistener.hpp">
      <Filter>3rdParty\guichan</Filter>
    </ClInclude>
    <ClInclude Include="..\..\..\dependencies\guichan-0.7.1\include\guichan\allegro.hpp">
      <Filter>3rdParty\guichan</Filter>
    </ClInclude>
    <ClInclude Include="..\..\..\dependencies\guichan-0.7.1\include\guichan\basiccontainer.hpp">
      <Filter>3rdParty\guichan</Filter>
    </ClInclude>
    <ClInclude Include="..\..\..\dependencies\guichan-0.7.1\include\guichan\cliprectangle.hpp">
      <Filter>3rdParty\guichan</Filter>
    </ClInclude>
    <ClInclude Include="..\..\..\dependencies\guichan-0.7.1\include\guichan\color.hpp">
      <Filter>3rdParty\guichan</Filter>
    </ClInclude>
    <ClInclude Include="..\..\..\dependencies\guichan-0.7.1\include\guichan\deathlistener.hpp">
      <Filter>3rdParty\guichan</Filter>
    </ClInclude>
    <ClInclude Include="..\..\..\dependencies\guichan-0.7.1\include\guichan\defaultfont.hpp">
      <Filter>3rdParty\guichan</Filter>
    </ClInclude>
    <ClInclude Include="..\..\..\dependencies\guichan-0.7.1\include\guichan\event.hpp">
      <Filter>3rdParty\guichan</Filter>
    </ClInclude>
    <ClInclude Include="..\..\..\dependencies\guichan-0.7.1\include\guichan\exception.hpp">
      <Filter>3rdParty\guichan</Filter>
    </ClInclude>
    <ClInclude Include="..\..\..\dependencies\guichan-0.7.1\include\guichan\focushandler.hpp">
      <Filter>3rdParty\guichan</Filter>
    </ClInclude>
    <ClInclude Include="..\..\..\dependencies\guichan-0.7.1\include\guichan\focuslistener.hpp">
      <Filter>3rdParty\guichan</Filter>
    </ClInclude>
    <ClInclude Include="..\..\..\dependencies\guichan-0.7.1\include\guichan\font.hpp">
      <Filter>3rdParty\guichan</Filter>
    </ClInclude>
    <ClInclude Include="..\..\..\dependencies\guichan-0.7.1\include\guichan\genericinput.hpp">
      <Filter>3rdParty\guichan</Filter>
    </ClInclude>
    <ClInclude Include="..\..\..\dependencies\guichan-0.7.1\include\guichan\glut.hpp">
      <Filter>3rdParty\guichan</Filter>
    </ClInclude>
    <ClInclude Include="..\..\..\dependencies\guichan-0.7.1\include\guichan\graphics.hpp">
      <Filter>3rdParty\guichan</Filter>
    </ClInclude>
    <ClInclude Include="..\..\..\dependencies\guichan-0.7.1\include\guichan\gui.hpp">
      <Filter>3rdParty\guichan</Filter>
    </ClInclude>
    <ClInclude Include="..\..\..\dependencies\guichan-0.7.1\include\guichan\image.hpp">
      <Filter>3rdParty\guichan</Filter>
    </ClInclude>
    <ClInclude Include="..\..\..\dependencies\guichan-0.7.1\include\guichan\imagefont.hpp">
      <Filter>3rdParty\guichan</Filter>
    </ClInclude>
    <ClInclude Include="..\..\..\dependencies\guichan-0.7.1\include\guichan\imageloader.hpp">
      <Filter>3rdParty\guichan</Filter>
    </ClInclude>
    <ClInclude Include="..\..\..\dependencies\guichan-0.7.1\include\guichan\input.hpp">
      <Filter>3rdParty\guichan</Filter>
    </ClInclude>
    <ClInclude Include="..\..\..\dependencies\guichan-0.7.1\include\guichan\inputevent.hpp">
      <Filter>3rdParty\guichan</Filter>
    </ClInclude>
    <ClInclude Include="..\..\..\dependencies\guichan-0.7.1\include\guichan\key.hpp">
      <Filter>3rdParty\guichan</Filter>
    </ClInclude>
    <ClInclude Include="..\..\..\dependencies\guichan-0.7.1\include\guichan\keyevent.hpp">
      <Filter>3rdParty\guichan</Filter>
    </ClInclude>
    <ClInclude Include="..\..\..\dependencies\guichan-0.7.1\include\guichan\keyinput.hpp">
      <Filter>3rdParty\guichan</Filter>
    </ClInclude>
    <ClInclude Include="..\..\..\dependencies\guichan-0.7.1\include\guichan\keylistener.hpp">
      <Filter>3rdParty\guichan</Filter>
    </ClInclude>
    <ClInclude Include="..\..\..\dependencies\guichan-0.7.1\include\guichan\listmodel.hpp">
      <Filter>3rdParty\guichan</Filter>
    </ClInclude>
    <ClInclude Include="..\..\..\dependencies\guichan-0.7.1\include\guichan\mouseevent.hpp">
      <Filter>3rdParty\guichan</Filter>
    </ClInclude>
    <ClInclude Include="..\..\..\dependencies\guichan-0.7.1\include\guichan\mouseinput.hpp">
      <Filter>3rdParty\guichan</Filter>
    </ClInclude>
    <ClInclude Include="..\..\..\dependencies\guichan-0.7.1\include\guichan\mouselistener.hpp">
      <Filter>3rdParty\guichan</Filter>
    </ClInclude>
    <ClInclude Include="..\..\..\dependencies\guichan-0.7.1\include\guichan\opengl.hpp">
      <Filter>3rdParty\guichan</Filter>
    </ClInclude>
    <ClInclude Include="..\..\..\dependencies\guichan-0.7.1\include\guichan\platform.hpp">
      <Filter>3rdParty\guichan</Filter>
    </ClInclude>
    <ClInclude Include="..\..\..\dependencies\guichan-0.7.1\include\guichan\rectangle.hpp">
      <Filter>3rdParty\guichan</Filter>
    </ClInclude>
    <ClInclude Include="..\..\..\dependencies\guichan-0.7.1\include\guichan\sdl.hpp">
      <Filter>3rdParty\guichan</Filter>
    </ClInclude>
    <ClInclude Include="..\..\..\dependencies\guichan-0.7.1\include\guichan\sfml.hpp">
      <Filter>3rdParty\guichan</Filter>
    </ClInclude>
    <ClInclude Include="..\..\..\dependencies\guichan-0.7.1\include\guichan\widget.hpp">
      <Filter>3rdParty\guichan</Filter>
    </ClInclude>
    <ClInclude Include="..\..\..\dependencies\guichan-0.7.1\include\guichan\x.hpp">
      <Filter>3rdParty\guichan</Filter>
    </ClInclude>
    <ClInclude Include="..\..\..\dependencies\guichan-0.7.1\include\guichan\opengl\openglgraphics.hpp">
      <Filter>3rdParty\guichan\opengl</Filter>
    </ClInclude>
    <ClInclude Include="..\..\..\dependencies\guichan-0.7.1\include\guichan\opengl\openglimage.hpp">
      <Filter>3rdParty\guichan\opengl</Filter>
    </ClInclude>
    <ClInclude Include="..\..\..\dependencies\guichan-0.7.1\include\guichan\opengl\openglsdlimageloader.hpp">
      <Filter>3rdParty\guichan\opengl</Filter>
    </ClInclude>
    <ClInclude Include="..\..\..\dependencies\guichan-0.7.1\addons\adjustingcontainer\adjustingcontainer.hpp">
      <Filter>3rdParty\guichan\widgets</Filter>
    </ClInclude>
    <ClInclude Include="..\..\..\dependencies\guichan-0.7.1\include\guichan\widgets\button.hpp">
      <Filter>3rdParty\guichan\widgets</Filter>
    </ClInclude>
    <ClInclude Include="..\..\..\dependencies\guichan-0.7.1\include\guichan\widgets\checkbox.hpp">
      <Filter>3rdParty\guichan\widgets</Filter>
    </ClInclude>
    <ClInclude Include="..\..\..\dependencies\guichan-0.7.1\include\guichan\widgets\container.hpp">
      <Filter>3rdParty\guichan\widgets</Filter>
    </ClInclude>
    <ClInclude Include="..\..\..\dependencies\guichan-0.7.1\include\guichan\widgets\dropdown.hpp">
      <Filter>3rdParty\guichan\widgets</Filter>
    </ClInclude>
    <ClInclude Include="..\..\..\dependencies\guichan-0.7.1\include\guichan\widgets\icon.hpp">
      <Filter>3rdParty\guichan\widgets</Filter>
    </ClInclude>
    <ClInclude Include="..\..\..\dependencies\guichan-0.7.1\include\guichan\widgets\imagebutton.hpp">
      <Filter>3rdParty\guichan\widgets</Filter>
    </ClInclude>
    <ClInclude Include="..\..\..\dependencies\guichan-0.7.1\include\guichan\widgets\label.hpp">
      <Filter>3rdParty\guichan\widgets</Filter>
    </ClInclude>
    <ClInclude Include="..\..\..\dependencies\guichan-0.7.1\include\guichan\widgets\listbox.hpp">
      <Filter>3rdParty\guichan\widgets</Filter>
    </ClInclude>
    <ClInclude Include="..\..\..\dependencies\guichan-0.7.1\addons\propertysheet\propertysheet.hpp">
      <Filter>3rdParty\guichan\widgets</Filter>
    </ClInclude>
    <ClInclude Include="..\..\..\dependencies\guichan-0.7.1\include\guichan\widgets\radiobutton.hpp">
      <Filter>3rdParty\guichan\widgets</Filter>
    </ClInclude>
    <ClInclude Include="..\..\..\dependencies\guichan-0.7.1\include\guichan\widgets\scrollarea.hpp">
      <Filter>3rdParty\guichan\widgets</Filter>
    </ClInclude>
    <ClInclude Include="..\..\..\dependencies\guichan-0.7.1\include\guichan\selectionevent.hpp">
      <Filter>3rdParty\guichan\widgets</Filter>
    </ClInclude>
    <ClInclude Include="..\..\..\dependencies\guichan-0.7.1\include\guichan\selectionlistener.hpp">
      <Filter>3rdParty\guichan\widgets</Filter>
    </ClInclude>
    <ClInclude Include="..\..\..\dependencies\guichan-0.7.1\include\guichan\widgets\slider.hpp">
      <Filter>3rdParty\guichan\widgets</Filter>
    </ClInclude>
    <ClInclude Include="..\..\..\dependencies\guichan-0.7.1\include\guichan\widgets\tab.hpp">
      <Filter>3rdParty\guichan\widgets</Filter>
    </ClInclude>
    <ClInclude Include="..\..\..\dependencies\guichan-0.7.1\include\guichan\widgets\tabbedarea.hpp">
      <Filter>3rdParty\guichan\widgets</Filter>
    </ClInclude>
    <ClInclude Include="..\..\..\dependencies\guichan-0.7.1\include\guichan\widgets\textbox.hpp">
      <Filter>3rdParty\guichan\widgets</Filter>
    </ClInclude>
    <ClInclude Include="..\..\..\dependencies\guichan-0.7.1\include\guichan\widgets\textfield.hpp">
      <Filter>3rdParty\guichan\widgets</Filter>
    </ClInclude>
    <ClInclude Include="..\..\..\dependencies\guichan-0.7.1\include\guichan\widgetlistener.hpp">
      <Filter>3rdParty\guichan\widgets</Filter>
    </ClInclude>
    <ClInclude Include="..\..\..\dependencies\guichan-0.7.1\include\guichan\widgets\window.hpp">
      <Filter>3rdParty\guichan\widgets</Filter>
    </ClInclude>
    <ClInclude Include="..\..\..\dependencies\guichan-0.7.1\include\guichan\sfml\sfmlimage.hpp">
      <Filter>3rdParty\guichan\sfml</Filter>
    </ClInclude>
    <ClInclude Include="..\..\..\dependencies\guichan-0.7.1\include\guichan\sfml\sfmlimageloader.hpp">
      <Filter>3rdParty\guichan\sfml</Filter>
    </ClInclude>
    <ClInclude Include="..\..\..\dependencies\guichan-0.7.1\include\guichan\sfml\sfmlinput.hpp">
      <Filter>3rdParty\guichan\sfml</Filter>
    </ClInclude>
    <ClInclude Include="..\..\..\dependencies\Recast\Recast\Include\Recast.h">
      <Filter>3rdParty\Recast\Recast</Filter>
    </ClInclude>
    <ClInclude Include="..\..\..\dependencies\Recast\Recast\Include\RecastTimer.h">
      <Filter>3rdParty\Recast\Recast</Filter>
    </ClInclude>
    <ClInclude Include="..\..\..\dependencies\Recast\Detour\Include\DetourCommon.h">
      <Filter>3rdParty\Recast\Detour</Filter>
    </ClInclude>
    <ClInclude Include="..\..\..\dependencies\Recast\Detour\Include\DetourNavMesh.h">
      <Filter>3rdParty\Recast\Detour</Filter>
    </ClInclude>
    <ClInclude Include="..\..\..\dependencies\Recast\Detour\Include\DetourNode.h">
      <Filter>3rdParty\Recast\Detour</Filter>
    </ClInclude>
    <ClInclude Include="..\..\..\dependencies\Recast\DebugUtils\Include\DebugDraw.h">
      <Filter>3rdParty\Recast\DebugUtils</Filter>
    </ClInclude>
    <ClInclude Include="..\..\..\dependencies\Recast\DebugUtils\Include\DetourDebugDraw.h">
      <Filter>3rdParty\Recast\DebugUtils</Filter>
    </ClInclude>
    <ClInclude Include="..\..\..\dependencies\Recast\DebugUtils\Include\RecastDebugDraw.h">
      <Filter>3rdParty\Recast\DebugUtils</Filter>
    </ClInclude>
    <ClInclude Include="..\..\..\dependencies\Recast\DebugUtils\Include\RecastDump.h">
      <Filter>3rdParty\Recast\DebugUtils</Filter>
    </ClInclude>
    <ClInclude Include="..\..\..\dependencies\Detours Express 2.1\src\detoured.h">
      <Filter>3rdParty\detours</Filter>
    </ClInclude>
    <ClInclude Include="..\..\..\dependencies\Detours Express 2.1\src\detours.h">
      <Filter>3rdParty\detours</Filter>
    </ClInclude>
    <ClInclude Include="..\..\..\Common\Bezier.h">
      <Filter>Miscellaneous</Filter>
    </ClInclude>
    <ClInclude Include="..\..\..\Common\CallbackParameters.h">
      <Filter>Miscellaneous</Filter>
    </ClInclude>
    <ClInclude Include="..\..\..\Common\CommandFunctor.h">
      <Filter>Miscellaneous</Filter>
    </ClInclude>
    <ClInclude Include="..\..\..\Common\CommandReciever.h">
      <Filter>Miscellaneous</Filter>
    </ClInclude>
    <ClInclude Include="..\..\..\Common\common.h">
      <Filter>Miscellaneous</Filter>
    </ClInclude>
    <ClInclude Include="..\..\..\Common\Criteria.h">
      <Filter>Miscellaneous</Filter>
    </ClInclude>
    <ClInclude Include="..\..\..\Common\EngineFuncs.h">
      <Filter>Miscellaneous</Filter>
    </ClInclude>
    <ClInclude Include="..\..\..\Common\FileDownloader.h">
      <Filter>Miscellaneous</Filter>
    </ClInclude>
    <ClInclude Include="..\..\..\Common\FileSystem.h">
      <Filter>Miscellaneous</Filter>
    </ClInclude>
    <ClInclude Include="..\..\..\Common\FSBAllocator.h">
      <Filter>Miscellaneous</Filter>
    </ClInclude>
    <ClInclude Include="..\..\..\Common\IEngineInterface.h">
      <Filter>Miscellaneous</Filter>
    </ClInclude>
    <ClInclude Include="..\..\..\Common\InterfaceFuncs.h">
      <Filter>Miscellaneous</Filter>
    </ClInclude>
    <ClInclude Include="..\..\..\Common\Interprocess.h">
      <Filter>Miscellaneous</Filter>
    </ClInclude>
    <ClInclude Include="..\..\..\Common\KeyValueIni.h">
      <Filter>Miscellaneous</Filter>
    </ClInclude>
    <ClInclude Include="..\..\..\Common\Logger.h">
      <Filter>Miscellaneous</Filter>
    </ClInclude>
    <ClInclude Include="..\..\..\Common\mdump.h">
      <Filter>Miscellaneous</Filter>
    </ClInclude>
    <ClInclude Include="..\..\..\Common\MessageFunctor.h">
      <Filter>Miscellaneous</Filter>
    </ClInclude>
    <ClInclude Include="..\..\..\Common\NameManager.h">
      <Filter>Miscellaneous</Filter>
    </ClInclude>
    <ClInclude Include="..\..\..\Common\ObjFunctor.h">
      <Filter>Miscellaneous</Filter>
    </ClInclude>
    <ClInclude Include="..\..\..\Common\Omni-Bot_Color.h">
      <Filter>Miscellaneous</Filter>
    </ClInclude>
    <ClInclude Include="..\..\..\Common\PIDController.h">
      <Filter>Miscellaneous</Filter>
    </ClInclude>
    <ClInclude Include="..\..\..\Common\PrecompCommon.h">
      <Filter>Miscellaneous</Filter>
    </ClInclude>
    <ClInclude Include="..\..\..\Common\PropertyBinding.h">
      <Filter>Miscellaneous</Filter>
    </ClInclude>
    <ClInclude Include="..\..\..\Common\QuadTree.h">
      <Filter>Miscellaneous</Filter>
    </ClInclude>
    <ClInclude Include="..\..\..\Common\Regulator.h">
      <Filter>Miscellaneous</Filter>
    </ClInclude>
    <ClInclude Include="..\..\..\Common\Timer.h">
      <Filter>Miscellaneous</Filter>
    </ClInclude>
    <ClInclude Include="..\..\..\Common\TrackablePtr.h">
      <Filter>Miscellaneous</Filter>
    </ClInclude>
    <ClInclude Include="..\..\..\Common\Trajectory.h">
      <Filter>Miscellaneous</Filter>
    </ClInclude>
    <ClInclude Include="..\..\..\Common\TriggerManager.h">
      <Filter>Miscellaneous</Filter>
    </ClInclude>
    <ClInclude Include="..\..\..\Common\Utilities.h">
      <Filter>Miscellaneous</Filter>
    </ClInclude>
    <ClInclude Include="..\..\..\Common\BotExports.h">
      <Filter>Dll</Filter>
    </ClInclude>
    <ClInclude Include="resource.h">
      <Filter>Dll</Filter>
    </ClInclude>
    <ClInclude Include="..\..\..\Common\CodeAnalysis.h">
      <Filter>Miscellaneous</Filter>
    </ClInclude>
    <ClInclude Include="..\..\..\..\Tools\RemoteDebugWindow\RemoteDebugLib\connection.h">
      <Filter>RemoteDebug</Filter>
    </ClInclude>
    <ClInclude Include="..\..\..\..\Tools\RemoteDebugWindow\RemoteDebugLib\dataBuffer.h">
      <Filter>RemoteDebug</Filter>
    </ClInclude>
    <ClInclude Include="..\..\..\..\Tools\RemoteDebugWindow\RemoteDebugLib\messageQueue.h">
      <Filter>RemoteDebug</Filter>
    </ClInclude>
    <ClInclude Include="..\..\..\..\Tools\RemoteDebugWindow\RemoteDebugLib\messageTags.h">
      <Filter>RemoteDebug</Filter>
    </ClInclude>
    <ClInclude Include="..\..\..\..\Tools\RemoteDebugWindow\RemoteDebugLib\primitives.h">
      <Filter>RemoteDebug</Filter>
    </ClInclude>
    <ClInclude Include="..\..\..\..\Tools\RemoteDebugWindow\RemoteDebugLib\socket.h">
      <Filter>RemoteDebug</Filter>
    </ClInclude>
    <ClInclude Include="..\..\..\..\Tools\RemoteDebugWindow\RemoteDebugLib\systemLib.h">
      <Filter>RemoteDebug</Filter>
    </ClInclude>
    <ClInclude Include="..\..\..\dependencies\Recast\Detour\Include\DetourAlloc.h">
      <Filter>3rdParty\Recast\Detour</Filter>
    </ClInclude>
    <ClInclude Include="..\..\..\dependencies\Recast\Recast\Include\RecastAlloc.h">
      <Filter>3rdParty\Recast\Recast</Filter>
    </ClInclude>
    <ClInclude Include="..\..\..\Common\RecastInterfaces.h">
      <Filter>3rdParty\Recast</Filter>
    </ClInclude>
    <ClInclude Include="..\..\..\dependencies\Recast\Detour\Include\DetourObstacleAvoidance.h">
      <Filter>3rdParty\Recast\Detour</Filter>
    </ClInclude>
    <ClInclude Include="..\..\..\dependencies\Recast\Detour\Include\DetourNavMeshQuery.h">
      <Filter>3rdParty\Recast\Detour</Filter>
    </ClInclude>
  </ItemGroup>
  <ItemGroup>
    <None Include="..\..\..\dependencies\wildmagic\Wm3Box3.inl">
      <Filter>3rdParty\WildMagic\Math</Filter>
    </None>
    <None Include="..\..\..\dependencies\wildmagic\Wm3LinComp.inl">
      <Filter>3rdParty\WildMagic\Math</Filter>
    </None>
    <None Include="..\..\..\dependencies\wildmagic\Wm3Line3.inl">
      <Filter>3rdParty\WildMagic\Math</Filter>
    </None>
    <None Include="..\..\..\dependencies\wildmagic\Wm3Math.inl">
      <Filter>3rdParty\WildMagic\Math</Filter>
    </None>
    <None Include="..\..\..\dependencies\wildmagic\Wm3Matrix3.inl">
      <Filter>3rdParty\WildMagic\Math</Filter>
    </None>
    <None Include="..\..\..\dependencies\wildmagic\Wm3Plane3.inl">
      <Filter>3rdParty\WildMagic\Math</Filter>
    </None>
    <None Include="..\..\..\dependencies\wildmagic\Wm3Quaternion.inl">
      <Filter>3rdParty\WildMagic\Math</Filter>
    </None>
    <None Include="..\..\..\dependencies\wildmagic\Wm3Ray3.inl">
      <Filter>3rdParty\WildMagic\Math</Filter>
    </None>
    <None Include="..\..\..\dependencies\wildmagic\Wm3Segment3.inl">
      <Filter>3rdParty\WildMagic\Math</Filter>
    </None>
    <None Include="..\..\..\dependencies\wildmagic\Wm3Vector2.inl">
      <Filter>3rdParty\WildMagic\Math</Filter>
    </None>
    <None Include="..\..\..\dependencies\wildmagic\Wm3Vector3.inl">
      <Filter>3rdParty\WildMagic\Math</Filter>
    </None>
    <None Include="..\..\..\Common\Jamfile" />
    <None Include="..\..\..\Common\Omni-Bot_Common_TODO.txt" />
  </ItemGroup>
  <ItemGroup>
    <ResourceCompile Include="Common.rc">
      <Filter>Dll</Filter>
    </ResourceCompile>
  </ItemGroup>
  <ItemGroup>
    <CustomBuildStep Include="..\..\..\Common\obParser.h">
      <Filter>Core\Tools</Filter>
    </CustomBuildStep>
  </ItemGroup>
</Project>